2025-04-03T23:12:45.067+0300 [INFO]  Terraform version: 1.11.0
2025-04-03T23:12:45.096+0300 [DEBUG] using github.com/hashicorp/go-tfe v1.70.0
2025-04-03T23:12:45.096+0300 [DEBUG] using github.com/hashicorp/hcl/v2 v2.23.0
2025-04-03T23:12:45.096+0300 [DEBUG] using github.com/hashicorp/terraform-svchost v0.1.1
2025-04-03T23:12:45.096+0300 [DEBUG] using github.com/zclconf/go-cty v1.16.0
2025-04-03T23:12:45.096+0300 [INFO]  Go runtime version: go1.23.3
2025-04-03T23:12:45.096+0300 [INFO]  CLI args: []string{"C:\\ProgramData\\chocolatey\\lib\\terraform\\tools\\terraform.exe", "apply"}
2025-04-03T23:12:45.099+0300 [DEBUG] Attempting to open CLI config file: C:\Users\Lenovo\AppData\Roaming\terraform.rc
2025-04-03T23:12:45.099+0300 [DEBUG] File doesn't exist, but doesn't need to. Ignoring.
2025-04-03T23:12:45.100+0300 [DEBUG] ignoring non-existing provider search directory terraform.d/plugins
2025-04-03T23:12:45.100+0300 [DEBUG] ignoring non-existing provider search directory C:\Users\Lenovo\AppData\Roaming\terraform.d\plugins
2025-04-03T23:12:45.101+0300 [DEBUG] ignoring non-existing provider search directory C:\Users\Lenovo\AppData\Roaming\HashiCorp\Terraform\plugins
2025-04-03T23:12:45.101+0300 [INFO]  CLI command args: []string{"apply"}
2025-04-03T23:12:45.189+0300 [DEBUG] checking for provisioner in "."
2025-04-03T23:12:45.189+0300 [DEBUG] checking for provisioner in "C:\\ProgramData\\chocolatey\\lib\\terraform\\tools"
2025-04-03T23:12:45.190+0300 [INFO]  backend/local: starting Apply operation
2025-04-03T23:12:45.194+0300 [DEBUG] created provider logger: level=debug
2025-04-03T23:12:45.194+0300 [INFO]  provider: configuring client automatic mTLS
2025-04-03T23:12:45.202+0300 [DEBUG] provider: starting plugin: path=.terraform/providers/registry.terraform.io/hashicorp/google/6.28.0/windows_amd64/terraform-provider-google_v6.28.0_x5.exe args=[".terraform/providers/registry.terraform.io/hashicorp/google/6.28.0/windows_amd64/terraform-provider-google_v6.28.0_x5.exe"]
2025-04-03T23:12:45.482+0300 [DEBUG] provider: plugin started: path=.terraform/providers/registry.terraform.io/hashicorp/google/6.28.0/windows_amd64/terraform-provider-google_v6.28.0_x5.exe pid=21072
2025-04-03T23:12:45.482+0300 [DEBUG] provider: waiting for RPC address: plugin=.terraform/providers/registry.terraform.io/hashicorp/google/6.28.0/windows_amd64/terraform-provider-google_v6.28.0_x5.exe
2025-04-03T23:12:45.542+0300 [INFO]  provider.terraform-provider-google_v6.28.0_x5.exe: configuring server automatic mTLS: timestamp="2025-04-03T23:12:45.518+0300"
2025-04-03T23:12:45.551+0300 [DEBUG] provider.terraform-provider-google_v6.28.0_x5.exe: plugin address: address=127.0.0.1:10000 network=tcp timestamp="2025-04-03T23:12:45.551+0300"
2025-04-03T23:12:45.551+0300 [DEBUG] provider: using plugin: version=5
2025-04-03T23:12:45.687+0300 [DEBUG] provider.stdio: received EOF, stopping recv loop: err="rpc error: code = Unavailable desc = error reading from server: EOF"
2025-04-03T23:12:45.694+0300 [INFO]  provider: plugin process exited: plugin=.terraform/providers/registry.terraform.io/hashicorp/google/6.28.0/windows_amd64/terraform-provider-google_v6.28.0_x5.exe id=21072
2025-04-03T23:12:45.737+0300 [DEBUG] provider: plugin exited
2025-04-03T23:12:45.738+0300 [DEBUG] Building and walking validate graph
2025-04-03T23:12:45.738+0300 [DEBUG] ProviderTransformer: "google_compute_instance.ubuntu_instance" (*terraform.NodeValidatableResource) needs provider["registry.terraform.io/hashicorp/google"]
2025-04-03T23:12:45.738+0300 [DEBUG] ProviderTransformer: "google_compute_subnetwork.public_subnet" (*terraform.NodeValidatableResource) needs provider["registry.terraform.io/hashicorp/google"]
2025-04-03T23:12:45.738+0300 [DEBUG] ProviderTransformer: "google_compute_router.nat_router" (*terraform.NodeValidatableResource) needs provider["registry.terraform.io/hashicorp/google"]
2025-04-03T23:12:45.738+0300 [DEBUG] ProviderTransformer: "google_compute_router_nat.nat_config" (*terraform.NodeValidatableResource) needs provider["registry.terraform.io/hashicorp/google"]
2025-04-03T23:12:45.738+0300 [DEBUG] ProviderTransformer: "google_compute_instance.nat_instance" (*terraform.NodeValidatableResource) needs provider["registry.terraform.io/hashicorp/google"]
2025-04-03T23:12:45.738+0300 [DEBUG] ProviderTransformer: "google_compute_instance.centos_instance" (*terraform.NodeValidatableResource) needs provider["registry.terraform.io/hashicorp/google"]
2025-04-03T23:12:45.738+0300 [DEBUG] ProviderTransformer: "google_compute_subnetwork.private_subnet" (*terraform.NodeValidatableResource) needs provider["registry.terraform.io/hashicorp/google"]
2025-04-03T23:12:45.738+0300 [DEBUG] ProviderTransformer: "google_compute_network.vpc_network" (*terraform.NodeValidatableResource) needs provider["registry.terraform.io/hashicorp/google"]
2025-04-03T23:12:45.738+0300 [DEBUG] ProviderTransformer: "google_compute_firewall.allow_internet" (*terraform.NodeValidatableResource) needs provider["registry.terraform.io/hashicorp/google"]
2025-04-03T23:12:45.738+0300 [DEBUG] ReferenceTransformer: "var.instance_type" references: []
2025-04-03T23:12:45.738+0300 [DEBUG] ReferenceTransformer: "provider[\"registry.terraform.io/hashicorp/google\"]" references: [var.project_id var.region]
2025-04-03T23:12:45.738+0300 [DEBUG] ReferenceTransformer: "google_compute_network.vpc_network" references: []
2025-04-03T23:12:45.738+0300 [DEBUG] ReferenceTransformer: "google_compute_subnetwork.public_subnet" references: [google_compute_network.vpc_network var.public_subnet_cidr var.region]
2025-04-03T23:12:45.738+0300 [DEBUG] ReferenceTransformer: "google_compute_subnetwork.private_subnet" references: [var.region var.private_subnet_cidr google_compute_network.vpc_network]
2025-04-03T23:12:45.738+0300 [DEBUG] ReferenceTransformer: "var.instance_image" references: []
2025-04-03T23:12:45.738+0300 [DEBUG] ReferenceTransformer: "google_compute_firewall.allow_internet" references: [google_compute_network.vpc_network]
2025-04-03T23:12:45.738+0300 [DEBUG] ReferenceTransformer: "var.zone" references: []
2025-04-03T23:12:45.738+0300 [DEBUG] ReferenceTransformer: "var.public_subnet_cidr" references: []
2025-04-03T23:12:45.738+0300 [DEBUG] ReferenceTransformer: "google_compute_instance.centos_instance" references: [var.instance_type var.zone var.instance_image google_compute_network.vpc_network google_compute_subnetwork.private_subnet]
2025-04-03T23:12:45.738+0300 [DEBUG] ReferenceTransformer: "google_compute_instance.nat_instance" references: [var.zone var.instance_image google_compute_subnetwork.public_subnet google_compute_network.vpc_network]
2025-04-03T23:12:45.738+0300 [DEBUG] ReferenceTransformer: "var.region" references: []
2025-04-03T23:12:45.738+0300 [DEBUG] ReferenceTransformer: "var.vpc_cidr" references: []
2025-04-03T23:12:45.738+0300 [DEBUG] ReferenceTransformer: "var.private_subnet_cidr" references: []
2025-04-03T23:12:45.739+0300 [DEBUG] ReferenceTransformer: "var.project_id" references: []
2025-04-03T23:12:45.739+0300 [DEBUG] ReferenceTransformer: "google_compute_instance.ubuntu_instance" references: [var.instance_type var.zone var.instance_image google_compute_subnetwork.public_subnet google_compute_network.vpc_network]
2025-04-03T23:12:45.739+0300 [DEBUG] ReferenceTransformer: "google_compute_router.nat_router" references: [var.region google_compute_network.vpc_network]
2025-04-03T23:12:45.739+0300 [DEBUG] ReferenceTransformer: "google_compute_router_nat.nat_config" references: [google_compute_router.nat_router google_compute_router.nat_router google_compute_subnetwork.private_subnet]
2025-04-03T23:12:45.740+0300 [DEBUG] Starting graph walk: walkValidate
2025-04-03T23:12:45.740+0300 [DEBUG] created provider logger: level=debug
2025-04-03T23:12:45.740+0300 [INFO]  provider: configuring client automatic mTLS
2025-04-03T23:12:45.742+0300 [DEBUG] provider: starting plugin: path=.terraform/providers/registry.terraform.io/hashicorp/google/6.28.0/windows_amd64/terraform-provider-google_v6.28.0_x5.exe args=[".terraform/providers/registry.terraform.io/hashicorp/google/6.28.0/windows_amd64/terraform-provider-google_v6.28.0_x5.exe"]
2025-04-03T23:12:46.042+0300 [DEBUG] provider: plugin started: path=.terraform/providers/registry.terraform.io/hashicorp/google/6.28.0/windows_amd64/terraform-provider-google_v6.28.0_x5.exe pid=2036
2025-04-03T23:12:46.042+0300 [DEBUG] provider: waiting for RPC address: plugin=.terraform/providers/registry.terraform.io/hashicorp/google/6.28.0/windows_amd64/terraform-provider-google_v6.28.0_x5.exe
2025-04-03T23:12:46.106+0300 [INFO]  provider.terraform-provider-google_v6.28.0_x5.exe: configuring server automatic mTLS: timestamp="2025-04-03T23:12:46.079+0300"
2025-04-03T23:12:46.115+0300 [DEBUG] provider.terraform-provider-google_v6.28.0_x5.exe: plugin address: address=127.0.0.1:10000 network=tcp timestamp="2025-04-03T23:12:46.115+0300"
2025-04-03T23:12:46.115+0300 [DEBUG] provider: using plugin: version=5
2025-04-03T23:12:46.158+0300 [DEBUG] provider.stdio: received EOF, stopping recv loop: err="rpc error: code = Unavailable desc = error reading from server: EOF"
2025-04-03T23:12:46.165+0300 [INFO]  provider: plugin process exited: plugin=.terraform/providers/registry.terraform.io/hashicorp/google/6.28.0/windows_amd64/terraform-provider-google_v6.28.0_x5.exe id=2036
2025-04-03T23:12:46.218+0300 [DEBUG] provider: plugin exited
2025-04-03T23:12:46.219+0300 [INFO]  backend/local: apply calling Plan
2025-04-03T23:12:46.219+0300 [DEBUG] Building and walking plan graph for NormalMode
2025-04-03T23:12:46.220+0300 [DEBUG] ProviderTransformer: "google_compute_router_nat.nat_config (expand)" (*terraform.nodeExpandPlannableResource) needs provider["registry.terraform.io/hashicorp/google"]
2025-04-03T23:12:46.220+0300 [DEBUG] ProviderTransformer: "google_compute_instance.ubuntu_instance (expand)" (*terraform.nodeExpandPlannableResource) needs provider["registry.terraform.io/hashicorp/google"]
2025-04-03T23:12:46.220+0300 [DEBUG] ProviderTransformer: "google_compute_subnetwork.public_subnet (expand)" (*terraform.nodeExpandPlannableResource) needs provider["registry.terraform.io/hashicorp/google"]
2025-04-03T23:12:46.220+0300 [DEBUG] ProviderTransformer: "google_compute_network.vpc_network (expand)" (*terraform.nodeExpandPlannableResource) needs provider["registry.terraform.io/hashicorp/google"]
2025-04-03T23:12:46.220+0300 [DEBUG] ProviderTransformer: "google_compute_instance.nat_instance (expand)" (*terraform.nodeExpandPlannableResource) needs provider["registry.terraform.io/hashicorp/google"]
2025-04-03T23:12:46.221+0300 [DEBUG] ProviderTransformer: "google_compute_instance.centos_instance (expand)" (*terraform.nodeExpandPlannableResource) needs provider["registry.terraform.io/hashicorp/google"]
2025-04-03T23:12:46.221+0300 [DEBUG] ProviderTransformer: "google_compute_firewall.allow_internet (expand)" (*terraform.nodeExpandPlannableResource) needs provider["registry.terraform.io/hashicorp/google"]
2025-04-03T23:12:46.221+0300 [DEBUG] ProviderTransformer: "google_compute_subnetwork.private_subnet (expand)" (*terraform.nodeExpandPlannableResource) needs provider["registry.terraform.io/hashicorp/google"]
2025-04-03T23:12:46.221+0300 [DEBUG] ProviderTransformer: "google_compute_router.nat_router (expand)" (*terraform.nodeExpandPlannableResource) needs provider["registry.terraform.io/hashicorp/google"]
2025-04-03T23:12:46.221+0300 [DEBUG] ReferenceTransformer: "google_compute_network.vpc_network (expand)" references: []
2025-04-03T23:12:46.221+0300 [DEBUG] ReferenceTransformer: "google_compute_instance.ubuntu_instance (expand)" references: [var.zone var.instance_type var.instance_image google_compute_subnetwork.public_subnet (expand) google_compute_network.vpc_network (expand)]
2025-04-03T23:12:46.221+0300 [DEBUG] ReferenceTransformer: "google_compute_instance.nat_instance (expand)" references: [var.zone var.instance_image google_compute_subnetwork.public_subnet (expand) google_compute_network.vpc_network (expand)]
2025-04-03T23:12:46.221+0300 [DEBUG] ReferenceTransformer: "var.instance_type" references: []
2025-04-03T23:12:46.221+0300 [DEBUG] ReferenceTransformer: "var.region" references: []
2025-04-03T23:12:46.221+0300 [DEBUG] ReferenceTransformer: "var.private_subnet_cidr" references: []
2025-04-03T23:12:46.221+0300 [DEBUG] ReferenceTransformer: "google_compute_instance.centos_instance (expand)" references: [var.instance_type var.zone var.instance_image google_compute_network.vpc_network (expand) google_compute_subnetwork.private_subnet (expand)]
2025-04-03T23:12:46.221+0300 [DEBUG] ReferenceTransformer: "google_compute_router_nat.nat_config (expand)" references: [google_compute_router.nat_router (expand) google_compute_router.nat_router (expand) google_compute_subnetwork.private_subnet (expand)]
2025-04-03T23:12:46.221+0300 [DEBUG] ReferenceTransformer: "var.instance_image" references: []
2025-04-03T23:12:46.222+0300 [DEBUG] ReferenceTransformer: "var.project_id" references: []
2025-04-03T23:12:46.222+0300 [DEBUG] ReferenceTransformer: "provider[\"registry.terraform.io/hashicorp/google\"]" references: [var.project_id var.region]
2025-04-03T23:12:46.222+0300 [DEBUG] ReferenceTransformer: "google_compute_firewall.allow_internet (expand)" references: [google_compute_network.vpc_network (expand)]
2025-04-03T23:12:46.222+0300 [DEBUG] ReferenceTransformer: "google_compute_subnetwork.private_subnet (expand)" references: [google_compute_network.vpc_network (expand) var.private_subnet_cidr var.region]
2025-04-03T23:12:46.222+0300 [DEBUG] ReferenceTransformer: "var.vpc_cidr" references: []
2025-04-03T23:12:46.222+0300 [DEBUG] ReferenceTransformer: "var.public_subnet_cidr" references: []
2025-04-03T23:12:46.222+0300 [DEBUG] ReferenceTransformer: "google_compute_router.nat_router (expand)" references: [var.region google_compute_network.vpc_network (expand)]
2025-04-03T23:12:46.222+0300 [DEBUG] ReferenceTransformer: "google_compute_subnetwork.public_subnet (expand)" references: [var.public_subnet_cidr var.region google_compute_network.vpc_network (expand)]
2025-04-03T23:12:46.222+0300 [DEBUG] ReferenceTransformer: "var.zone" references: []
2025-04-03T23:12:46.223+0300 [DEBUG] Starting graph walk: walkPlan
2025-04-03T23:12:46.224+0300 [DEBUG] created provider logger: level=debug
2025-04-03T23:12:46.224+0300 [INFO]  provider: configuring client automatic mTLS
2025-04-03T23:12:46.230+0300 [DEBUG] provider: starting plugin: path=.terraform/providers/registry.terraform.io/hashicorp/google/6.28.0/windows_amd64/terraform-provider-google_v6.28.0_x5.exe args=[".terraform/providers/registry.terraform.io/hashicorp/google/6.28.0/windows_amd64/terraform-provider-google_v6.28.0_x5.exe"]
2025-04-03T23:12:46.530+0300 [DEBUG] provider: plugin started: path=.terraform/providers/registry.terraform.io/hashicorp/google/6.28.0/windows_amd64/terraform-provider-google_v6.28.0_x5.exe pid=12912
2025-04-03T23:12:46.530+0300 [DEBUG] provider: waiting for RPC address: plugin=.terraform/providers/registry.terraform.io/hashicorp/google/6.28.0/windows_amd64/terraform-provider-google_v6.28.0_x5.exe
2025-04-03T23:12:46.590+0300 [INFO]  provider.terraform-provider-google_v6.28.0_x5.exe: configuring server automatic mTLS: timestamp="2025-04-03T23:12:46.566+0300"
2025-04-03T23:12:46.599+0300 [DEBUG] provider: using plugin: version=5
2025-04-03T23:12:46.599+0300 [DEBUG] provider.terraform-provider-google_v6.28.0_x5.exe: plugin address: network=tcp address=127.0.0.1:10000 timestamp="2025-04-03T23:12:46.598+0300"
2025-04-03T23:12:46.639+0300 [DEBUG] provider.terraform-provider-google_v6.28.0_x5.exe: 2025/04/03 23:12:46 [INFO] Authenticating using configured Google JSON 'credentials'...
2025-04-03T23:12:46.639+0300 [DEBUG] provider.terraform-provider-google_v6.28.0_x5.exe: 2025/04/03 23:12:46 [INFO]   -- Scopes: [https://www.googleapis.com/auth/cloud-platform https://www.googleapis.com/auth/userinfo.email]
2025-04-03T23:12:46.639+0300 [DEBUG] provider.terraform-provider-google_v6.28.0_x5.exe: 2025/04/03 23:12:46 [INFO] Authenticating using configured Google JSON 'credentials'...
2025-04-03T23:12:46.639+0300 [DEBUG] provider.terraform-provider-google_v6.28.0_x5.exe: 2025/04/03 23:12:46 [INFO]   -- Scopes: [https://www.googleapis.com/auth/cloud-platform https://www.googleapis.com/auth/userinfo.email]
2025-04-03T23:12:46.639+0300 [DEBUG] provider.terraform-provider-google_v6.28.0_x5.exe: 2025/04/03 23:12:46 [DEBUG] Waiting for state to become: [success]
2025-04-03T23:12:46.980+0300 [DEBUG] provider.terraform-provider-google_v6.28.0_x5.exe: 2025/04/03 23:12:46 [INFO] Terraform is using this identity: terraform-q2352@api-project-269968866265.iam.gserviceaccount.com
2025-04-03T23:12:46.984+0300 [DEBUG] ReferenceTransformer: "google_compute_network.vpc_network" references: []
[0m[1mgoogle_compute_network.vpc_network: Refreshing state... [id=projects/api-project-269968866265/global/networks/data-vpc][0m
2025-04-03T23:12:46.987+0300 [DEBUG] provider.terraform-provider-google_v6.28.0_x5.exe: 2025/04/03 23:12:46 [DEBUG] Waiting for state to become: [success]
2025-04-03T23:12:46.987+0300 [DEBUG] provider.terraform-provider-google_v6.28.0_x5.exe: 2025/04/03 23:12:46 [DEBUG] Retry Transport: starting RoundTrip retry loop
2025-04-03T23:12:46.987+0300 [DEBUG] provider.terraform-provider-google_v6.28.0_x5.exe: 2025/04/03 23:12:46 [DEBUG] Retry Transport: request attempt 0
2025-04-03T23:12:46.987+0300 [DEBUG] provider.terraform-provider-google_v6.28.0_x5.exe: 2025/04/03 23:12:46 [DEBUG] Google API Request Details:
2025-04-03T23:12:46.987+0300 [DEBUG] provider.terraform-provider-google_v6.28.0_x5.exe: ---[ REQUEST ]---------------------------------------
2025-04-03T23:12:46.987+0300 [DEBUG] provider.terraform-provider-google_v6.28.0_x5.exe: GET /compute/v1/projects/api-project-269968866265/global/networks/data-vpc?alt=json HTTP/1.1
2025-04-03T23:12:46.987+0300 [DEBUG] provider.terraform-provider-google_v6.28.0_x5.exe: Host: compute.googleapis.com
2025-04-03T23:12:46.987+0300 [DEBUG] provider.terraform-provider-google_v6.28.0_x5.exe: User-Agent: Terraform/1.11.0 (+https://www.terraform.io) Terraform-Plugin-SDK/2.36.0 terraform-provider-google/6.28.0
2025-04-03T23:12:46.987+0300 [DEBUG] provider.terraform-provider-google_v6.28.0_x5.exe: Content-Type: application/json
2025-04-03T23:12:46.987+0300 [DEBUG] provider.terraform-provider-google_v6.28.0_x5.exe: Accept-Encoding: gzip
2025-04-03T23:12:46.987+0300 [DEBUG] provider.terraform-provider-google_v6.28.0_x5.exe
2025-04-03T23:12:46.987+0300 [DEBUG] provider.terraform-provider-google_v6.28.0_x5.exe
2025-04-03T23:12:46.987+0300 [DEBUG] provider.terraform-provider-google_v6.28.0_x5.exe: -----------------------------------------------------
2025-04-03T23:12:47.436+0300 [DEBUG] provider.terraform-provider-google_v6.28.0_x5.exe: 2025/04/03 23:12:47 [DEBUG] Google API Response Details:
2025-04-03T23:12:47.437+0300 [DEBUG] provider.terraform-provider-google_v6.28.0_x5.exe: ---[ RESPONSE ]--------------------------------------
2025-04-03T23:12:47.437+0300 [DEBUG] provider.terraform-provider-google_v6.28.0_x5.exe: HTTP/2.0 200 OK
2025-04-03T23:12:47.437+0300 [DEBUG] provider.terraform-provider-google_v6.28.0_x5.exe: Alt-Svc: h3=":443"; ma=2592000,h3-29=":443"; ma=2592000
2025-04-03T23:12:47.437+0300 [DEBUG] provider.terraform-provider-google_v6.28.0_x5.exe: Content-Type: application/json; charset=UTF-8
2025-04-03T23:12:47.437+0300 [DEBUG] provider.terraform-provider-google_v6.28.0_x5.exe: Date: Thu, 03 Apr 2025 20:12:47 GMT
2025-04-03T23:12:47.437+0300 [DEBUG] provider.terraform-provider-google_v6.28.0_x5.exe: Etag: R846WE4sFoip16h1y0sE05dK5hs=/l6Jc2OabYhLExHq-hHAbb7tFYPI=
2025-04-03T23:12:47.437+0300 [DEBUG] provider.terraform-provider-google_v6.28.0_x5.exe: Server: ESF
2025-04-03T23:12:47.437+0300 [DEBUG] provider.terraform-provider-google_v6.28.0_x5.exe: Vary: Origin
2025-04-03T23:12:47.437+0300 [DEBUG] provider.terraform-provider-google_v6.28.0_x5.exe: Vary: X-Origin
2025-04-03T23:12:47.437+0300 [DEBUG] provider.terraform-provider-google_v6.28.0_x5.exe: Vary: Referer
2025-04-03T23:12:47.437+0300 [DEBUG] provider.terraform-provider-google_v6.28.0_x5.exe: X-Content-Type-Options: nosniff
2025-04-03T23:12:47.437+0300 [DEBUG] provider.terraform-provider-google_v6.28.0_x5.exe: X-Frame-Options: SAMEORIGIN
2025-04-03T23:12:47.437+0300 [DEBUG] provider.terraform-provider-google_v6.28.0_x5.exe: X-Xss-Protection: 0
2025-04-03T23:12:47.437+0300 [DEBUG] provider.terraform-provider-google_v6.28.0_x5.exe
2025-04-03T23:12:47.437+0300 [DEBUG] provider.terraform-provider-google_v6.28.0_x5.exe: {
2025-04-03T23:12:47.437+0300 [DEBUG] provider.terraform-provider-google_v6.28.0_x5.exe:   "kind": "compute#network",
2025-04-03T23:12:47.437+0300 [DEBUG] provider.terraform-provider-google_v6.28.0_x5.exe:   "id": "4224748492238837746",
2025-04-03T23:12:47.437+0300 [DEBUG] provider.terraform-provider-google_v6.28.0_x5.exe:   "creationTimestamp": "2025-04-03T13:01:33.392-07:00",
2025-04-03T23:12:47.437+0300 [DEBUG] provider.terraform-provider-google_v6.28.0_x5.exe:   "name": "data-vpc",
2025-04-03T23:12:47.437+0300 [DEBUG] provider.terraform-provider-google_v6.28.0_x5.exe:   "selfLink": "https://www.googleapis.com/compute/v1/projects/api-project-269968866265/global/networks/data-vpc",
2025-04-03T23:12:47.437+0300 [DEBUG] provider.terraform-provider-google_v6.28.0_x5.exe:   "selfLinkWithId": "https://www.googleapis.com/compute/v1/projects/api-project-269968866265/global/networks/4224748492238837746",
2025-04-03T23:12:47.437+0300 [DEBUG] provider.terraform-provider-google_v6.28.0_x5.exe:   "autoCreateSubnetworks": false,
2025-04-03T23:12:47.437+0300 [DEBUG] provider.terraform-provider-google_v6.28.0_x5.exe:   "routingConfig": {
2025-04-03T23:12:47.437+0300 [DEBUG] provider.terraform-provider-google_v6.28.0_x5.exe:     "routingMode": "REGIONAL",
2025-04-03T23:12:47.437+0300 [DEBUG] provider.terraform-provider-google_v6.28.0_x5.exe:     "bgpBestPathSelectionMode": "LEGACY"
2025-04-03T23:12:47.437+0300 [DEBUG] provider.terraform-provider-google_v6.28.0_x5.exe:   },
2025-04-03T23:12:47.437+0300 [DEBUG] provider.terraform-provider-google_v6.28.0_x5.exe:   "networkFirewallPolicyEnforcementOrder": "AFTER_CLASSIC_FIREWALL"
2025-04-03T23:12:47.437+0300 [DEBUG] provider.terraform-provider-google_v6.28.0_x5.exe: }
2025-04-03T23:12:47.437+0300 [DEBUG] provider.terraform-provider-google_v6.28.0_x5.exe
2025-04-03T23:12:47.437+0300 [DEBUG] provider.terraform-provider-google_v6.28.0_x5.exe: -----------------------------------------------------
2025-04-03T23:12:47.437+0300 [DEBUG] provider.terraform-provider-google_v6.28.0_x5.exe: 2025/04/03 23:12:47 [DEBUG] Retry Transport: Stopping retries, last request was successful
2025-04-03T23:12:47.437+0300 [DEBUG] provider.terraform-provider-google_v6.28.0_x5.exe: 2025/04/03 23:12:47 [DEBUG] Retry Transport: Returning after 1 attempts
2025-04-03T23:12:47.444+0300 [WARN]  Provider "registry.terraform.io/hashicorp/google" produced an invalid plan for google_compute_network.vpc_network, but we are tolerating it because it is using the legacy plugin SDK.
    The following problems may be the cause of any confusing errors from downstream operations:
      - .description: planned value cty.StringVal("") for a non-computed attribute
      - .network_profile: planned value cty.StringVal("") for a non-computed attribute
      - .network_firewall_policy_enforcement_order: planned value cty.StringVal("AFTER_CLASSIC_FIREWALL") for a non-computed attribute
      - .delete_default_routes_on_create: planned value cty.False for a non-computed attribute
      - .enable_ula_internal_ipv6: planned value cty.False for a non-computed attribute
2025-04-03T23:12:47.444+0300 [DEBUG] Resource instance state not found for node "google_compute_subnetwork.public_subnet", instance google_compute_subnetwork.public_subnet
2025-04-03T23:12:47.444+0300 [DEBUG] ReferenceTransformer: "google_compute_subnetwork.public_subnet" references: []
2025-04-03T23:12:47.444+0300 [DEBUG] Resource instance state not found for node "google_compute_router.nat_router", instance google_compute_router.nat_router
2025-04-03T23:12:47.445+0300 [DEBUG] ReferenceTransformer: "google_compute_router.nat_router" references: []
2025-04-03T23:12:47.445+0300 [DEBUG] refresh: google_compute_subnetwork.public_subnet: no state, so not refreshing
2025-04-03T23:12:47.445+0300 [DEBUG] Resource instance state not found for node "google_compute_subnetwork.private_subnet", instance google_compute_subnetwork.private_subnet
2025-04-03T23:12:47.445+0300 [DEBUG] ReferenceTransformer: "google_compute_subnetwork.private_subnet" references: []
2025-04-03T23:12:47.445+0300 [DEBUG] refresh: google_compute_router.nat_router: no state, so not refreshing
2025-04-03T23:12:47.445+0300 [DEBUG] ReferenceTransformer: "google_compute_firewall.allow_internet" references: []
2025-04-03T23:12:47.445+0300 [DEBUG] refresh: google_compute_subnetwork.private_subnet: no state, so not refreshing
[0m[1mgoogle_compute_firewall.allow_internet: Refreshing state... [id=projects/api-project-269968866265/global/firewalls/allow-internet][0m
2025-04-03T23:12:47.454+0300 [DEBUG] provider.terraform-provider-google_v6.28.0_x5.exe: 2025/04/03 23:12:47 [DEBUG] Waiting for state to become: [success]
2025-04-03T23:12:47.454+0300 [DEBUG] provider.terraform-provider-google_v6.28.0_x5.exe: 2025/04/03 23:12:47 [DEBUG] Retry Transport: starting RoundTrip retry loop
2025-04-03T23:12:47.454+0300 [DEBUG] provider.terraform-provider-google_v6.28.0_x5.exe: 2025/04/03 23:12:47 [DEBUG] Retry Transport: request attempt 0
2025-04-03T23:12:47.454+0300 [DEBUG] provider.terraform-provider-google_v6.28.0_x5.exe: 2025/04/03 23:12:47 [DEBUG] Google API Request Details:
2025-04-03T23:12:47.454+0300 [DEBUG] provider.terraform-provider-google_v6.28.0_x5.exe: ---[ REQUEST ]---------------------------------------
2025-04-03T23:12:47.454+0300 [DEBUG] provider.terraform-provider-google_v6.28.0_x5.exe: GET /compute/v1/projects/api-project-269968866265/global/firewalls/allow-internet?alt=json HTTP/1.1
2025-04-03T23:12:47.454+0300 [DEBUG] provider.terraform-provider-google_v6.28.0_x5.exe: Host: compute.googleapis.com
2025-04-03T23:12:47.454+0300 [DEBUG] provider.terraform-provider-google_v6.28.0_x5.exe: User-Agent: Terraform/1.11.0 (+https://www.terraform.io) Terraform-Plugin-SDK/2.36.0 terraform-provider-google/6.28.0
2025-04-03T23:12:47.454+0300 [DEBUG] provider.terraform-provider-google_v6.28.0_x5.exe: Content-Type: application/json
2025-04-03T23:12:47.454+0300 [DEBUG] provider.terraform-provider-google_v6.28.0_x5.exe: Accept-Encoding: gzip
2025-04-03T23:12:47.454+0300 [DEBUG] provider.terraform-provider-google_v6.28.0_x5.exe
2025-04-03T23:12:47.454+0300 [DEBUG] provider.terraform-provider-google_v6.28.0_x5.exe
2025-04-03T23:12:47.454+0300 [DEBUG] provider.terraform-provider-google_v6.28.0_x5.exe: -----------------------------------------------------
2025-04-03T23:12:47.454+0300 [WARN]  Provider "registry.terraform.io/hashicorp/google" produced an invalid plan for google_compute_subnetwork.public_subnet, but we are tolerating it because it is using the legacy plugin SDK.
    The following problems may be the cause of any confusing errors from downstream operations:
      - .secondary_ip_range: attribute representing nested block must not be unknown itself; set nested attribute values to unknown instead
2025-04-03T23:12:47.454+0300 [DEBUG] Resource instance state not found for node "google_compute_instance.nat_instance", instance google_compute_instance.nat_instance
2025-04-03T23:12:47.454+0300 [DEBUG] ReferenceTransformer: "google_compute_instance.nat_instance" references: []
2025-04-03T23:12:47.455+0300 [DEBUG] Resource instance state not found for node "google_compute_instance.ubuntu_instance", instance google_compute_instance.ubuntu_instance
2025-04-03T23:12:47.455+0300 [DEBUG] ReferenceTransformer: "google_compute_instance.ubuntu_instance" references: []
2025-04-03T23:12:47.455+0300 [DEBUG] refresh: google_compute_instance.nat_instance: no state, so not refreshing
2025-04-03T23:12:47.455+0300 [DEBUG] refresh: google_compute_instance.ubuntu_instance: no state, so not refreshing
2025-04-03T23:12:47.456+0300 [WARN]  Provider "registry.terraform.io/hashicorp/google" produced an invalid plan for google_compute_subnetwork.private_subnet, but we are tolerating it because it is using the legacy plugin SDK.
    The following problems may be the cause of any confusing errors from downstream operations:
      - .secondary_ip_range: attribute representing nested block must not be unknown itself; set nested attribute values to unknown instead
2025-04-03T23:12:47.456+0300 [DEBUG] Resource instance state not found for node "google_compute_router_nat.nat_config", instance google_compute_router_nat.nat_config
2025-04-03T23:12:47.456+0300 [DEBUG] ReferenceTransformer: "google_compute_router_nat.nat_config" references: []
2025-04-03T23:12:47.456+0300 [DEBUG] Resource instance state not found for node "google_compute_instance.centos_instance", instance google_compute_instance.centos_instance
2025-04-03T23:12:47.456+0300 [DEBUG] ReferenceTransformer: "google_compute_instance.centos_instance" references: []
2025-04-03T23:12:47.456+0300 [DEBUG] refresh: google_compute_router_nat.nat_config: no state, so not refreshing
2025-04-03T23:12:47.456+0300 [DEBUG] refresh: google_compute_instance.centos_instance: no state, so not refreshing
2025-04-03T23:12:47.461+0300 [WARN]  Provider "registry.terraform.io/hashicorp/google" produced an invalid plan for google_compute_router_nat.nat_config, but we are tolerating it because it is using the legacy plugin SDK.
    The following problems may be the cause of any confusing errors from downstream operations:
      - .tcp_transitory_idle_timeout_sec: planned value cty.NumberIntVal(30) for a non-computed attribute
      - .tcp_time_wait_timeout_sec: planned value cty.NumberIntVal(120) for a non-computed attribute
      - .udp_idle_timeout_sec: planned value cty.NumberIntVal(30) for a non-computed attribute
      - .icmp_idle_timeout_sec: planned value cty.NumberIntVal(30) for a non-computed attribute
      - .tcp_established_idle_timeout_sec: planned value cty.NumberIntVal(1200) for a non-computed attribute
2025-04-03T23:12:47.463+0300 [WARN]  provider.terraform-provider-google_v6.28.0_x5.exe: unable to require attribute replacement: @module=sdk.helper_schema error="ForceNew: No changes for metadata_startup_script" tf_attribute_path=metadata_startup_script tf_mux_provider="*schema.GRPCProviderServer" tf_provider_addr=registry.terraform.io/hashicorp/google @caller=github.com/hashicorp/terraform-plugin-sdk/v2@v2.36.0/helper/customdiff/force_new.go:32 tf_rpc=PlanResourceChange tf_req_id=79893dce-6f37-90d9-9702-eebe614f0e5d tf_resource_type=google_compute_instance timestamp="2025-04-03T23:12:47.463+0300"
2025-04-03T23:12:47.463+0300 [WARN]  provider.terraform-provider-google_v6.28.0_x5.exe: unable to require attribute replacement: @caller=github.com/hashicorp/terraform-plugin-sdk/v2@v2.36.0/helper/customdiff/force_new.go:32 @module=sdk.helper_schema error="ForceNew: No changes for metadata_startup_script" tf_attribute_path=metadata_startup_script tf_mux_provider="*schema.GRPCProviderServer" tf_rpc=PlanResourceChange tf_provider_addr=registry.terraform.io/hashicorp/google tf_req_id=8a4a919e-06d7-d834-b122-d4f859e6bcee tf_resource_type=google_compute_instance timestamp="2025-04-03T23:12:47.463+0300"
2025-04-03T23:12:47.464+0300 [WARN]  provider.terraform-provider-google_v6.28.0_x5.exe: unable to require attribute replacement: @module=sdk.helper_schema tf_attribute_path=metadata_startup_script tf_provider_addr=registry.terraform.io/hashicorp/google tf_rpc=PlanResourceChange tf_resource_type=google_compute_instance @caller=github.com/hashicorp/terraform-plugin-sdk/v2@v2.36.0/helper/customdiff/force_new.go:32 error="ForceNew: No changes for metadata_startup_script" tf_mux_provider="*schema.GRPCProviderServer" tf_req_id=08c665e5-0ad5-f8fb-dd33-10451a6cdee7 timestamp="2025-04-03T23:12:47.464+0300"
2025-04-03T23:12:47.465+0300 [WARN]  Provider "registry.terraform.io/hashicorp/google" produced an invalid plan for google_compute_instance.ubuntu_instance, but we are tolerating it because it is using the legacy plugin SDK.
    The following problems may be the cause of any confusing errors from downstream operations:
      - .can_ip_forward: planned value cty.False for a non-computed attribute
      - .deletion_protection: planned value cty.False for a non-computed attribute
      - .boot_disk[0].mode: planned value cty.StringVal("READ_WRITE") for a non-computed attribute
      - .boot_disk[0].auto_delete: planned value cty.True for a non-computed attribute
      - .confidential_instance_config: attribute representing nested block must not be unknown itself; set nested attribute values to unknown instead
      - .guest_accelerator: attribute representing nested block must not be unknown itself; set nested attribute values to unknown instead
      - .reservation_affinity: attribute representing nested block must not be unknown itself; set nested attribute values to unknown instead
      - .scheduling: attribute representing nested block must not be unknown itself; set nested attribute values to unknown instead
2025-04-03T23:12:47.465+0300 [WARN]  Provider "registry.terraform.io/hashicorp/google" produced an invalid plan for google_compute_instance.centos_instance, but we are tolerating it because it is using the legacy plugin SDK.
    The following problems may be the cause of any confusing errors from downstream operations:
      - .can_ip_forward: planned value cty.False for a non-computed attribute
      - .deletion_protection: planned value cty.False for a non-computed attribute
      - .scheduling: attribute representing nested block must not be unknown itself; set nested attribute values to unknown instead
      - .reservation_affinity: attribute representing nested block must not be unknown itself; set nested attribute values to unknown instead
      - .guest_accelerator: attribute representing nested block must not be unknown itself; set nested attribute values to unknown instead
      - .boot_disk[0].mode: planned value cty.StringVal("READ_WRITE") for a non-computed attribute
      - .boot_disk[0].auto_delete: planned value cty.True for a non-computed attribute
      - .confidential_instance_config: attribute representing nested block must not be unknown itself; set nested attribute values to unknown instead
2025-04-03T23:12:47.466+0300 [WARN]  Provider "registry.terraform.io/hashicorp/google" produced an invalid plan for google_compute_instance.nat_instance, but we are tolerating it because it is using the legacy plugin SDK.
    The following problems may be the cause of any confusing errors from downstream operations:
      - .can_ip_forward: planned value cty.False for a non-computed attribute
      - .deletion_protection: planned value cty.False for a non-computed attribute
      - .boot_disk[0].auto_delete: planned value cty.True for a non-computed attribute
      - .boot_disk[0].mode: planned value cty.StringVal("READ_WRITE") for a non-computed attribute
      - .confidential_instance_config: attribute representing nested block must not be unknown itself; set nested attribute values to unknown instead
      - .guest_accelerator: attribute representing nested block must not be unknown itself; set nested attribute values to unknown instead
      - .reservation_affinity: attribute representing nested block must not be unknown itself; set nested attribute values to unknown instead
      - .scheduling: attribute representing nested block must not be unknown itself; set nested attribute values to unknown instead
2025-04-03T23:12:47.743+0300 [DEBUG] provider.terraform-provider-google_v6.28.0_x5.exe: 2025/04/03 23:12:47 [DEBUG] Google API Response Details:
2025-04-03T23:12:47.744+0300 [DEBUG] provider.terraform-provider-google_v6.28.0_x5.exe: ---[ RESPONSE ]--------------------------------------
2025-04-03T23:12:47.744+0300 [DEBUG] provider.terraform-provider-google_v6.28.0_x5.exe: HTTP/2.0 200 OK
2025-04-03T23:12:47.744+0300 [DEBUG] provider.terraform-provider-google_v6.28.0_x5.exe: Alt-Svc: h3=":443"; ma=2592000,h3-29=":443"; ma=2592000
2025-04-03T23:12:47.744+0300 [DEBUG] provider.terraform-provider-google_v6.28.0_x5.exe: Content-Type: application/json; charset=UTF-8
2025-04-03T23:12:47.744+0300 [DEBUG] provider.terraform-provider-google_v6.28.0_x5.exe: Date: Thu, 03 Apr 2025 20:12:47 GMT
2025-04-03T23:12:47.744+0300 [DEBUG] provider.terraform-provider-google_v6.28.0_x5.exe: Etag: 8WRT4UJED02zEBw5kiWYTgaS5yw=/fjBPxKJRDLSuEkffDGB5avnMoyM=
2025-04-03T23:12:47.744+0300 [DEBUG] provider.terraform-provider-google_v6.28.0_x5.exe: Server: ESF
2025-04-03T23:12:47.744+0300 [DEBUG] provider.terraform-provider-google_v6.28.0_x5.exe: Vary: Origin
2025-04-03T23:12:47.744+0300 [DEBUG] provider.terraform-provider-google_v6.28.0_x5.exe: Vary: X-Origin
2025-04-03T23:12:47.744+0300 [DEBUG] provider.terraform-provider-google_v6.28.0_x5.exe: Vary: Referer
2025-04-03T23:12:47.744+0300 [DEBUG] provider.terraform-provider-google_v6.28.0_x5.exe: X-Content-Type-Options: nosniff
2025-04-03T23:12:47.744+0300 [DEBUG] provider.terraform-provider-google_v6.28.0_x5.exe: X-Frame-Options: SAMEORIGIN
2025-04-03T23:12:47.744+0300 [DEBUG] provider.terraform-provider-google_v6.28.0_x5.exe: X-Xss-Protection: 0
2025-04-03T23:12:47.744+0300 [DEBUG] provider.terraform-provider-google_v6.28.0_x5.exe
2025-04-03T23:12:47.744+0300 [DEBUG] provider.terraform-provider-google_v6.28.0_x5.exe: {
2025-04-03T23:12:47.744+0300 [DEBUG] provider.terraform-provider-google_v6.28.0_x5.exe:   "kind": "compute#firewall",
2025-04-03T23:12:47.744+0300 [DEBUG] provider.terraform-provider-google_v6.28.0_x5.exe:   "id": "8879422335820715974",
2025-04-03T23:12:47.744+0300 [DEBUG] provider.terraform-provider-google_v6.28.0_x5.exe:   "creationTimestamp": "2025-04-03T13:01:45.206-07:00",
2025-04-03T23:12:47.744+0300 [DEBUG] provider.terraform-provider-google_v6.28.0_x5.exe:   "name": "allow-internet",
2025-04-03T23:12:47.744+0300 [DEBUG] provider.terraform-provider-google_v6.28.0_x5.exe:   "description": "",
2025-04-03T23:12:47.744+0300 [DEBUG] provider.terraform-provider-google_v6.28.0_x5.exe:   "network": "https://www.googleapis.com/compute/v1/projects/api-project-269968866265/global/networks/data-vpc",
2025-04-03T23:12:47.744+0300 [DEBUG] provider.terraform-provider-google_v6.28.0_x5.exe:   "priority": 1000,
2025-04-03T23:12:47.744+0300 [DEBUG] provider.terraform-provider-google_v6.28.0_x5.exe:   "sourceRanges": [
2025-04-03T23:12:47.744+0300 [DEBUG] provider.terraform-provider-google_v6.28.0_x5.exe: "0.0.0.0/0"
2025-04-03T23:12:47.744+0300 [DEBUG] provider.terraform-provider-google_v6.28.0_x5.exe:   ],
2025-04-03T23:12:47.744+0300 [DEBUG] provider.terraform-provider-google_v6.28.0_x5.exe:   "targetTags": [
2025-04-03T23:12:47.744+0300 [DEBUG] provider.terraform-provider-google_v6.28.0_x5.exe: "public"
2025-04-03T23:12:47.744+0300 [DEBUG] provider.terraform-provider-google_v6.28.0_x5.exe:   ],
2025-04-03T23:12:47.744+0300 [DEBUG] provider.terraform-provider-google_v6.28.0_x5.exe:   "allowed": [
2025-04-03T23:12:47.744+0300 [DEBUG] provider.terraform-provider-google_v6.28.0_x5.exe:     {
2025-04-03T23:12:47.744+0300 [DEBUG] provider.terraform-provider-google_v6.28.0_x5.exe:       "IPProtocol": "tcp",
2025-04-03T23:12:47.744+0300 [DEBUG] provider.terraform-provider-google_v6.28.0_x5.exe:       "ports": [
2025-04-03T23:12:47.744+0300 [DEBUG] provider.terraform-provider-google_v6.28.0_x5.exe: "0-65535"
2025-04-03T23:12:47.744+0300 [DEBUG] provider.terraform-provider-google_v6.28.0_x5.exe:       ]
2025-04-03T23:12:47.744+0300 [DEBUG] provider.terraform-provider-google_v6.28.0_x5.exe:     }
2025-04-03T23:12:47.744+0300 [DEBUG] provider.terraform-provider-google_v6.28.0_x5.exe:   ],
2025-04-03T23:12:47.744+0300 [DEBUG] provider.terraform-provider-google_v6.28.0_x5.exe:   "direction": "INGRESS",
2025-04-03T23:12:47.744+0300 [DEBUG] provider.terraform-provider-google_v6.28.0_x5.exe:   "logConfig": {
2025-04-03T23:12:47.744+0300 [DEBUG] provider.terraform-provider-google_v6.28.0_x5.exe:     "enable": false
2025-04-03T23:12:47.744+0300 [DEBUG] provider.terraform-provider-google_v6.28.0_x5.exe:   },
2025-04-03T23:12:47.744+0300 [DEBUG] provider.terraform-provider-google_v6.28.0_x5.exe:   "disabled": false,
2025-04-03T23:12:47.744+0300 [DEBUG] provider.terraform-provider-google_v6.28.0_x5.exe:   "selfLink": "https://www.googleapis.com/compute/v1/projects/api-project-269968866265/global/firewalls/allow-internet"
2025-04-03T23:12:47.744+0300 [DEBUG] provider.terraform-provider-google_v6.28.0_x5.exe: }
2025-04-03T23:12:47.744+0300 [DEBUG] provider.terraform-provider-google_v6.28.0_x5.exe
2025-04-03T23:12:47.744+0300 [DEBUG] provider.terraform-provider-google_v6.28.0_x5.exe: -----------------------------------------------------
2025-04-03T23:12:47.744+0300 [DEBUG] provider.terraform-provider-google_v6.28.0_x5.exe: 2025/04/03 23:12:47 [DEBUG] Retry Transport: Stopping retries, last request was successful
2025-04-03T23:12:47.744+0300 [DEBUG] provider.terraform-provider-google_v6.28.0_x5.exe: 2025/04/03 23:12:47 [DEBUG] Retry Transport: Returning after 1 attempts
2025-04-03T23:12:47.753+0300 [WARN]  Provider "registry.terraform.io/hashicorp/google" produced an invalid plan for google_compute_firewall.allow_internet, but we are tolerating it because it is using the legacy plugin SDK.
    The following problems may be the cause of any confusing errors from downstream operations:
      - .disabled: planned value cty.False for a non-computed attribute
      - .source_tags: planned value cty.SetValEmpty(cty.String) for a non-computed attribute
      - .target_service_accounts: planned value cty.SetValEmpty(cty.String) for a non-computed attribute
      - .priority: planned value cty.NumberIntVal(1000) for a non-computed attribute
      - .description: planned value cty.StringVal("") for a non-computed attribute
      - .source_service_accounts: planned value cty.SetValEmpty(cty.String) for a non-computed attribute
2025-04-03T23:12:47.754+0300 [DEBUG] provider.terraform-provider-google_v6.28.0_x5.exe: 2025/04/03 23:12:47 [DEBUG] [transport] [server-transport 0xc0015d8000] Closing: Server.Stop called 
2025-04-03T23:12:47.754+0300 [DEBUG] provider.terraform-provider-google_v6.28.0_x5.exe: 2025/04/03 23:12:47 [DEBUG] [transport] [server-transport 0xc0015d8000] loopyWriter exiting with error: transport closed by client 
2025-04-03T23:12:47.754+0300 [DEBUG] provider.stdio: received EOF, stopping recv loop: err="rpc error: code = Unavailable desc = error reading from server: EOF"
2025-04-03T23:12:47.790+0300 [INFO]  provider: plugin process exited: plugin=.terraform/providers/registry.terraform.io/hashicorp/google/6.28.0/windows_amd64/terraform-provider-google_v6.28.0_x5.exe id=12912
2025-04-03T23:12:47.837+0300 [DEBUG] provider: plugin exited
2025-04-03T23:12:47.839+0300 [DEBUG] building apply graph to check for errors
2025-04-03T23:12:47.840+0300 [DEBUG] Resource state not found for node "google_compute_router.nat_router", instance google_compute_router.nat_router
2025-04-03T23:12:47.840+0300 [DEBUG] Resource state not found for node "google_compute_router_nat.nat_config", instance google_compute_router_nat.nat_config
2025-04-03T23:12:47.840+0300 [DEBUG] Resource state not found for node "google_compute_instance.centos_instance", instance google_compute_instance.centos_instance
2025-04-03T23:12:47.840+0300 [DEBUG] Resource state not found for node "google_compute_subnetwork.private_subnet", instance google_compute_subnetwork.private_subnet
2025-04-03T23:12:47.840+0300 [DEBUG] Resource state not found for node "google_compute_instance.ubuntu_instance", instance google_compute_instance.ubuntu_instance
2025-04-03T23:12:47.840+0300 [DEBUG] Resource state not found for node "google_compute_subnetwork.public_subnet", instance google_compute_subnetwork.public_subnet
2025-04-03T23:12:47.840+0300 [DEBUG] Resource state not found for node "google_compute_instance.nat_instance", instance google_compute_instance.nat_instance
2025-04-03T23:12:47.840+0300 [DEBUG] ProviderTransformer: "google_compute_router.nat_router" (*terraform.NodeApplyableResourceInstance) needs provider["registry.terraform.io/hashicorp/google"]
2025-04-03T23:12:47.840+0300 [DEBUG] ProviderTransformer: "google_compute_router_nat.nat_config (expand)" (*terraform.nodeExpandApplyableResource) needs provider["registry.terraform.io/hashicorp/google"]
2025-04-03T23:12:47.840+0300 [DEBUG] ProviderTransformer: "google_compute_router.nat_router (expand)" (*terraform.nodeExpandApplyableResource) needs provider["registry.terraform.io/hashicorp/google"]
2025-04-03T23:12:47.840+0300 [DEBUG] ProviderTransformer: "google_compute_network.vpc_network (expand)" (*terraform.nodeExpandApplyableResource) needs provider["registry.terraform.io/hashicorp/google"]
2025-04-03T23:12:47.840+0300 [DEBUG] ProviderTransformer: "google_compute_instance.nat_instance" (*terraform.NodeApplyableResourceInstance) needs provider["registry.terraform.io/hashicorp/google"]
2025-04-03T23:12:47.840+0300 [DEBUG] ProviderTransformer: "google_compute_instance.centos_instance (expand)" (*terraform.nodeExpandApplyableResource) needs provider["registry.terraform.io/hashicorp/google"]
2025-04-03T23:12:47.840+0300 [DEBUG] ProviderTransformer: "google_compute_firewall.allow_internet (expand)" (*terraform.nodeExpandApplyableResource) needs provider["registry.terraform.io/hashicorp/google"]
2025-04-03T23:12:47.840+0300 [DEBUG] ProviderTransformer: "google_compute_router_nat.nat_config" (*terraform.NodeApplyableResourceInstance) needs provider["registry.terraform.io/hashicorp/google"]
2025-04-03T23:12:47.840+0300 [DEBUG] ProviderTransformer: "google_compute_instance.centos_instance" (*terraform.NodeApplyableResourceInstance) needs provider["registry.terraform.io/hashicorp/google"]
2025-04-03T23:12:47.840+0300 [DEBUG] ProviderTransformer: "google_compute_subnetwork.public_subnet (expand)" (*terraform.nodeExpandApplyableResource) needs provider["registry.terraform.io/hashicorp/google"]
2025-04-03T23:12:47.840+0300 [DEBUG] ProviderTransformer: "google_compute_instance.nat_instance (expand)" (*terraform.nodeExpandApplyableResource) needs provider["registry.terraform.io/hashicorp/google"]
2025-04-03T23:12:47.840+0300 [DEBUG] ProviderTransformer: "google_compute_instance.ubuntu_instance" (*terraform.NodeApplyableResourceInstance) needs provider["registry.terraform.io/hashicorp/google"]
2025-04-03T23:12:47.840+0300 [DEBUG] ProviderTransformer: "google_compute_subnetwork.public_subnet" (*terraform.NodeApplyableResourceInstance) needs provider["registry.terraform.io/hashicorp/google"]
2025-04-03T23:12:47.840+0300 [DEBUG] ProviderTransformer: "google_compute_instance.ubuntu_instance (expand)" (*terraform.nodeExpandApplyableResource) needs provider["registry.terraform.io/hashicorp/google"]
2025-04-03T23:12:47.840+0300 [DEBUG] ProviderTransformer: "google_compute_subnetwork.private_subnet" (*terraform.NodeApplyableResourceInstance) needs provider["registry.terraform.io/hashicorp/google"]
2025-04-03T23:12:47.840+0300 [DEBUG] ProviderTransformer: "google_compute_subnetwork.private_subnet (expand)" (*terraform.nodeExpandApplyableResource) needs provider["registry.terraform.io/hashicorp/google"]
2025-04-03T23:12:47.841+0300 [DEBUG] ReferenceTransformer: "google_compute_router.nat_router (expand)" references: [google_compute_network.vpc_network (expand) var.region]
2025-04-03T23:12:47.841+0300 [DEBUG] ReferenceTransformer: "var.region" references: []
2025-04-03T23:12:47.841+0300 [DEBUG] ReferenceTransformer: "var.public_subnet_cidr" references: []
2025-04-03T23:12:47.841+0300 [DEBUG] ReferenceTransformer: "var.project_id" references: []
2025-04-03T23:12:47.841+0300 [DEBUG] ReferenceTransformer: "google_compute_subnetwork.private_subnet" references: [var.region google_compute_network.vpc_network (expand) var.private_subnet_cidr]
2025-04-03T23:12:47.841+0300 [DEBUG] ReferenceTransformer: "google_compute_instance.ubuntu_instance" references: [var.instance_type var.zone var.instance_image google_compute_subnetwork.public_subnet google_compute_subnetwork.public_subnet google_compute_subnetwork.public_subnet (expand) google_compute_network.vpc_network (expand)]
2025-04-03T23:12:47.841+0300 [DEBUG] ReferenceTransformer: "google_compute_instance.ubuntu_instance (expand)" references: [var.instance_type var.zone var.instance_image google_compute_subnetwork.public_subnet google_compute_subnetwork.public_subnet google_compute_subnetwork.public_subnet (expand) google_compute_network.vpc_network (expand)]
2025-04-03T23:12:47.841+0300 [DEBUG] ReferenceTransformer: "google_compute_instance.nat_instance (expand)" references: [var.zone var.instance_image google_compute_subnetwork.public_subnet google_compute_subnetwork.public_subnet google_compute_subnetwork.public_subnet (expand) google_compute_network.vpc_network (expand)]
2025-04-03T23:12:47.841+0300 [DEBUG] ReferenceTransformer: "var.instance_type" references: []
2025-04-03T23:12:47.841+0300 [DEBUG] ReferenceTransformer: "google_compute_subnetwork.public_subnet" references: [var.region var.public_subnet_cidr google_compute_network.vpc_network (expand)]
2025-04-03T23:12:47.841+0300 [DEBUG] ReferenceTransformer: "google_compute_instance.nat_instance" references: [var.zone var.instance_image google_compute_network.vpc_network (expand) google_compute_subnetwork.public_subnet google_compute_subnetwork.public_subnet google_compute_subnetwork.public_subnet (expand)]
2025-04-03T23:12:47.841+0300 [DEBUG] ReferenceTransformer: "google_compute_network.vpc_network (expand)" references: []
2025-04-03T23:12:47.841+0300 [DEBUG] ReferenceTransformer: "var.private_subnet_cidr" references: []
2025-04-03T23:12:47.841+0300 [DEBUG] ReferenceTransformer: "google_compute_subnetwork.private_subnet (expand)" references: [var.region google_compute_network.vpc_network (expand) var.private_subnet_cidr]
2025-04-03T23:12:47.842+0300 [DEBUG] ReferenceTransformer: "var.zone" references: []
2025-04-03T23:12:47.842+0300 [DEBUG] ReferenceTransformer: "var.instance_image" references: []
2025-04-03T23:12:47.842+0300 [DEBUG] ReferenceTransformer: "google_compute_router.nat_router" references: [var.region google_compute_network.vpc_network (expand)]
2025-04-03T23:12:47.842+0300 [DEBUG] ReferenceTransformer: "google_compute_router_nat.nat_config" references: [google_compute_router.nat_router (expand) google_compute_router.nat_router google_compute_router.nat_router google_compute_router.nat_router (expand) google_compute_router.nat_router google_compute_router.nat_router google_compute_subnetwork.private_subnet google_compute_subnetwork.private_subnet google_compute_subnetwork.private_subnet (expand)]
2025-04-03T23:12:47.842+0300 [DEBUG] ReferenceTransformer: "google_compute_instance.centos_instance" references: [var.instance_type var.zone var.instance_image google_compute_subnetwork.private_subnet google_compute_subnetwork.private_subnet google_compute_subnetwork.private_subnet (expand) google_compute_network.vpc_network (expand)]
2025-04-03T23:12:47.842+0300 [DEBUG] ReferenceTransformer: "google_compute_instance.centos_instance (expand)" references: [var.instance_type var.zone var.instance_image google_compute_network.vpc_network (expand) google_compute_subnetwork.private_subnet google_compute_subnetwork.private_subnet google_compute_subnetwork.private_subnet (expand)]
2025-04-03T23:12:47.842+0300 [DEBUG] ReferenceTransformer: "google_compute_firewall.allow_internet (expand)" references: [google_compute_network.vpc_network (expand)]
2025-04-03T23:12:47.842+0300 [DEBUG] ReferenceTransformer: "var.vpc_cidr" references: []
2025-04-03T23:12:47.842+0300 [DEBUG] ReferenceTransformer: "provider[\"registry.terraform.io/hashicorp/google\"]" references: [var.project_id var.region]
2025-04-03T23:12:47.842+0300 [DEBUG] ReferenceTransformer: "google_compute_subnetwork.public_subnet (expand)" references: [var.public_subnet_cidr var.region google_compute_network.vpc_network (expand)]
2025-04-03T23:12:47.842+0300 [DEBUG] ReferenceTransformer: "google_compute_router_nat.nat_config (expand)" references: [google_compute_router.nat_router (expand) google_compute_router.nat_router google_compute_router.nat_router google_compute_router.nat_router (expand) google_compute_router.nat_router google_compute_router.nat_router google_compute_subnetwork.private_subnet google_compute_subnetwork.private_subnet google_compute_subnetwork.private_subnet (expand)]

Terraform used the selected providers to generate the following execution
plan. Resource actions are indicated with the following symbols:
  [32m+[0m create[0m

Terraform will perform the following actions:

[1m  # google_compute_instance.centos_instance[0m will be created
[0m  [32m+[0m[0m resource "google_compute_instance" "centos_instance" {
      [32m+[0m[0m can_ip_forward       = false
      [32m+[0m[0m cpu_platform         = (known after apply)
      [32m+[0m[0m creation_timestamp   = (known after apply)
      [32m+[0m[0m current_status       = (known after apply)
      [32m+[0m[0m deletion_protection  = false
      [32m+[0m[0m effective_labels     = {
          [32m+[0m[0m "goog-terraform-provisioned" = "true"
        }
      [32m+[0m[0m id                   = (known after apply)
      [32m+[0m[0m instance_id          = (known after apply)
      [32m+[0m[0m label_fingerprint    = (known after apply)
      [32m+[0m[0m machine_type         = "e2-small"
      [32m+[0m[0m metadata_fingerprint = (known after apply)
      [32m+[0m[0m min_cpu_platform     = (known after apply)
      [32m+[0m[0m name                 = "centos-instance"
      [32m+[0m[0m project              = "api-project-269968866265"
      [32m+[0m[0m self_link            = (known after apply)
      [32m+[0m[0m tags_fingerprint     = (known after apply)
      [32m+[0m[0m terraform_labels     = {
          [32m+[0m[0m "goog-terraform-provisioned" = "true"
        }
      [32m+[0m[0m zone                 = "euro-central1-b"

      [32m+[0m[0m boot_disk {
          [32m+[0m[0m auto_delete                = true
          [32m+[0m[0m device_name                = (known after apply)
          [32m+[0m[0m disk_encryption_key_sha256 = (known after apply)
          [32m+[0m[0m guest_os_features          = (known after apply)
          [32m+[0m[0m kms_key_self_link          = (known after apply)
          [32m+[0m[0m mode                       = "READ_WRITE"
          [32m+[0m[0m source                     = (known after apply)

          [32m+[0m[0m initialize_params {
              [32m+[0m[0m architecture           = (known after apply)
              [32m+[0m[0m image                  = "centos-cloud/centos-stream-9"
              [32m+[0m[0m labels                 = (known after apply)
              [32m+[0m[0m provisioned_iops       = (known after apply)
              [32m+[0m[0m provisioned_throughput = (known after apply)
              [32m+[0m[0m resource_policies      = (known after apply)
              [32m+[0m[0m size                   = (known after apply)
              [32m+[0m[0m snapshot               = (known after apply)
              [32m+[0m[0m type                   = (known after apply)
            }
        }

      [32m+[0m[0m confidential_instance_config (known after apply)

      [32m+[0m[0m guest_accelerator (known after apply)

      [32m+[0m[0m network_interface {
          [32m+[0m[0m internal_ipv6_prefix_length = (known after apply)
          [32m+[0m[0m ipv6_access_type            = (known after apply)
          [32m+[0m[0m ipv6_address                = (known after apply)
          [32m+[0m[0m name                        = (known after apply)
          [32m+[0m[0m network                     = "projects/api-project-269968866265/global/networks/data-vpc"
          [32m+[0m[0m network_attachment          = (known after apply)
          [32m+[0m[0m network_ip                  = (known after apply)
          [32m+[0m[0m stack_type                  = (known after apply)
          [32m+[0m[0m subnetwork                  = (known after apply)
          [32m+[0m[0m subnetwork_project          = (known after apply)
        }

      [32m+[0m[0m reservation_affinity (known after apply)

      [32m+[0m[0m scheduling (known after apply)
    }

[1m  # google_compute_instance.nat_instance[0m will be created
[0m  [32m+[0m[0m resource "google_compute_instance" "nat_instance" {
      [32m+[0m[0m can_ip_forward       = false
      [32m+[0m[0m cpu_platform         = (known after apply)
      [32m+[0m[0m creation_timestamp   = (known after apply)
      [32m+[0m[0m current_status       = (known after apply)
      [32m+[0m[0m deletion_protection  = false
      [32m+[0m[0m effective_labels     = {
          [32m+[0m[0m "goog-terraform-provisioned" = "true"
        }
      [32m+[0m[0m id                   = (known after apply)
      [32m+[0m[0m instance_id          = (known after apply)
      [32m+[0m[0m label_fingerprint    = (known after apply)
      [32m+[0m[0m machine_type         = "e2-micro"
      [32m+[0m[0m metadata_fingerprint = (known after apply)
      [32m+[0m[0m min_cpu_platform     = (known after apply)
      [32m+[0m[0m name                 = "nat-instance"
      [32m+[0m[0m project              = "api-project-269968866265"
      [32m+[0m[0m self_link            = (known after apply)
      [32m+[0m[0m tags                 = [
          [32m+[0m[0m "nat",
        ]
      [32m+[0m[0m tags_fingerprint     = (known after apply)
      [32m+[0m[0m terraform_labels     = {
          [32m+[0m[0m "goog-terraform-provisioned" = "true"
        }
      [32m+[0m[0m zone                 = "euro-central1-b"

      [32m+[0m[0m boot_disk {
          [32m+[0m[0m auto_delete                = true
          [32m+[0m[0m device_name                = (known after apply)
          [32m+[0m[0m disk_encryption_key_sha256 = (known after apply)
          [32m+[0m[0m guest_os_features          = (known after apply)
          [32m+[0m[0m kms_key_self_link          = (known after apply)
          [32m+[0m[0m mode                       = "READ_WRITE"
          [32m+[0m[0m source                     = (known after apply)

          [32m+[0m[0m initialize_params {
              [32m+[0m[0m architecture           = (known after apply)
              [32m+[0m[0m image                  = "ubuntu-os-cloud/ubuntu-2204-lts"
              [32m+[0m[0m labels                 = (known after apply)
              [32m+[0m[0m provisioned_iops       = (known after apply)
              [32m+[0m[0m provisioned_throughput = (known after apply)
              [32m+[0m[0m resource_policies      = (known after apply)
              [32m+[0m[0m size                   = (known after apply)
              [32m+[0m[0m snapshot               = (known after apply)
              [32m+[0m[0m type                   = (known after apply)
            }
        }

      [32m+[0m[0m confidential_instance_config (known after apply)

      [32m+[0m[0m guest_accelerator (known after apply)

      [32m+[0m[0m network_interface {
          [32m+[0m[0m internal_ipv6_prefix_length = (known after apply)
          [32m+[0m[0m ipv6_access_type            = (known after apply)
          [32m+[0m[0m ipv6_address                = (known after apply)
          [32m+[0m[0m name                        = (known after apply)
          [32m+[0m[0m network                     = "projects/api-project-269968866265/global/networks/data-vpc"
          [32m+[0m[0m network_attachment          = (known after apply)
          [32m+[0m[0m network_ip                  = (known after apply)
          [32m+[0m[0m stack_type                  = (known after apply)
          [32m+[0m[0m subnetwork                  = (known after apply)
          [32m+[0m[0m subnetwork_project          = (known after apply)

          [32m+[0m[0m access_config {
              [32m+[0m[0m nat_ip       = (known after apply)
              [32m+[0m[0m network_tier = (known after apply)
            }
        }

      [32m+[0m[0m reservation_affinity (known after apply)

      [32m+[0m[0m scheduling (known after apply)
    }

[1m  # google_compute_instance.ubuntu_instance[0m will be created
[0m  [32m+[0m[0m resource "google_compute_instance" "ubuntu_instance" {
      [32m+[0m[0m can_ip_forward       = false
      [32m+[0m[0m cpu_platform         = (known after apply)
      [32m+[0m[0m creation_timestamp   = (known after apply)
      [32m+[0m[0m current_status       = (known after apply)
      [32m+[0m[0m deletion_protection  = false
      [32m+[0m[0m effective_labels     = {
          [32m+[0m[0m "goog-terraform-provisioned" = "true"
        }
      [32m+[0m[0m id                   = (known after apply)
      [32m+[0m[0m instance_id          = (known after apply)
      [32m+[0m[0m label_fingerprint    = (known after apply)
      [32m+[0m[0m machine_type         = "e2-small"
      [32m+[0m[0m metadata_fingerprint = (known after apply)
      [32m+[0m[0m min_cpu_platform     = (known after apply)
      [32m+[0m[0m name                 = "ubuntu-instance"
      [32m+[0m[0m project              = "api-project-269968866265"
      [32m+[0m[0m self_link            = (known after apply)
      [32m+[0m[0m tags                 = [
          [32m+[0m[0m "public",
        ]
      [32m+[0m[0m tags_fingerprint     = (known after apply)
      [32m+[0m[0m terraform_labels     = {
          [32m+[0m[0m "goog-terraform-provisioned" = "true"
        }
      [32m+[0m[0m zone                 = "euro-central1-b"

      [32m+[0m[0m boot_disk {
          [32m+[0m[0m auto_delete                = true
          [32m+[0m[0m device_name                = (known after apply)
          [32m+[0m[0m disk_encryption_key_sha256 = (known after apply)
          [32m+[0m[0m guest_os_features          = (known after apply)
          [32m+[0m[0m kms_key_self_link          = (known after apply)
          [32m+[0m[0m mode                       = "READ_WRITE"
          [32m+[0m[0m source                     = (known after apply)

          [32m+[0m[0m initialize_params {
              [32m+[0m[0m architecture           = (known after apply)
              [32m+[0m[0m image                  = "ubuntu-os-cloud/ubuntu-2204-lts"
              [32m+[0m[0m labels                 = (known after apply)
              [32m+[0m[0m provisioned_iops       = (known after apply)
              [32m+[0m[0m provisioned_throughput = (known after apply)
              [32m+[0m[0m resource_policies      = (known after apply)
              [32m+[0m[0m size                   = (known after apply)
              [32m+[0m[0m snapshot               = (known after apply)
              [32m+[0m[0m type                   = (known after apply)
            }
        }

      [32m+[0m[0m confidential_instance_config (known after apply)

      [32m+[0m[0m guest_accelerator (known after apply)

      [32m+[0m[0m network_interface {
          [32m+[0m[0m internal_ipv6_prefix_length = (known after apply)
          [32m+[0m[0m ipv6_access_type            = (known after apply)
          [32m+[0m[0m ipv6_address                = (known after apply)
          [32m+[0m[0m name                        = (known after apply)
          [32m+[0m[0m network                     = "projects/api-project-269968866265/global/networks/data-vpc"
          [32m+[0m[0m network_attachment          = (known after apply)
          [32m+[0m[0m network_ip                  = (known after apply)
          [32m+[0m[0m stack_type                  = (known after apply)
          [32m+[0m[0m subnetwork                  = (known after apply)
          [32m+[0m[0m subnetwork_project          = (known after apply)

          [32m+[0m[0m access_config {
              [32m+[0m[0m nat_ip       = (known after apply)
              [32m+[0m[0m network_tier = (known after apply)
            }
        }

      [32m+[0m[0m reservation_affinity (known after apply)

      [32m+[0m[0m scheduling (known after apply)
    }

[1m  # google_compute_router.nat_router[0m will be created
[0m  [32m+[0m[0m resource "google_compute_router" "nat_router" {
      [32m+[0m[0m creation_timestamp = (known after apply)
      [32m+[0m[0m id                 = (known after apply)
      [32m+[0m[0m name               = "nat-router"
      [32m+[0m[0m network            = "projects/api-project-269968866265/global/networks/data-vpc"
      [32m+[0m[0m project            = "api-project-269968866265"
      [32m+[0m[0m region             = "euro-central1"
      [32m+[0m[0m self_link          = (known after apply)
    }

[1m  # google_compute_router_nat.nat_config[0m will be created
[0m  [32m+[0m[0m resource "google_compute_router_nat" "nat_config" {
      [32m+[0m[0m auto_network_tier                   = (known after apply)
      [32m+[0m[0m drain_nat_ips                       = (known after apply)
      [32m+[0m[0m enable_dynamic_port_allocation      = (known after apply)
      [32m+[0m[0m enable_endpoint_independent_mapping = (known after apply)
      [32m+[0m[0m endpoint_types                      = (known after apply)
      [32m+[0m[0m icmp_idle_timeout_sec               = 30
      [32m+[0m[0m id                                  = (known after apply)
      [32m+[0m[0m min_ports_per_vm                    = (known after apply)
      [32m+[0m[0m name                                = "nat-config"
      [32m+[0m[0m nat_ip_allocate_option              = "AUTO_ONLY"
      [32m+[0m[0m nat_ips                             = (known after apply)
      [32m+[0m[0m project                             = "api-project-269968866265"
      [32m+[0m[0m region                              = "euro-central1"
      [32m+[0m[0m router                              = "nat-router"
      [32m+[0m[0m source_subnetwork_ip_ranges_to_nat  = "LIST_OF_SUBNETWORKS"
      [32m+[0m[0m tcp_established_idle_timeout_sec    = 1200
      [32m+[0m[0m tcp_time_wait_timeout_sec           = 120
      [32m+[0m[0m tcp_transitory_idle_timeout_sec     = 30
      [32m+[0m[0m udp_idle_timeout_sec                = 30

      [32m+[0m[0m subnetwork {
          [32m+[0m[0m name                     = "private-subnet"
          [32m+[0m[0m secondary_ip_range_names = []
          [32m+[0m[0m source_ip_ranges_to_nat  = [
              [32m+[0m[0m "ALL_IP_RANGES",
            ]
        }
    }

[1m  # google_compute_subnetwork.private_subnet[0m will be created
[0m  [32m+[0m[0m resource "google_compute_subnetwork" "private_subnet" {
      [32m+[0m[0m creation_timestamp         = (known after apply)
      [32m+[0m[0m enable_flow_logs           = (known after apply)
      [32m+[0m[0m external_ipv6_prefix       = (known after apply)
      [32m+[0m[0m fingerprint                = (known after apply)
      [32m+[0m[0m gateway_address            = (known after apply)
      [32m+[0m[0m id                         = (known after apply)
      [32m+[0m[0m internal_ipv6_prefix       = (known after apply)
      [32m+[0m[0m ip_cidr_range              = "172.20.2.0/24"
      [32m+[0m[0m ipv6_cidr_range            = (known after apply)
      [32m+[0m[0m ipv6_gce_endpoint          = (known after apply)
      [32m+[0m[0m name                       = "private-subnet"
      [32m+[0m[0m network                    = "projects/api-project-269968866265/global/networks/data-vpc"
      [32m+[0m[0m private_ip_google_access   = (known after apply)
      [32m+[0m[0m private_ipv6_google_access = (known after apply)
      [32m+[0m[0m project                    = "api-project-269968866265"
      [32m+[0m[0m purpose                    = (known after apply)
      [32m+[0m[0m region                     = "euro-central1"
      [32m+[0m[0m self_link                  = (known after apply)
      [32m+[0m[0m stack_type                 = (known after apply)
      [32m+[0m[0m state                      = (known after apply)
      [32m+[0m[0m subnetwork_id              = (known after apply)

      [32m+[0m[0m secondary_ip_range (known after apply)
    }

[1m  # google_compute_subnetwork.public_subnet[0m will be created
[0m  [32m+[0m[0m resource "google_compute_subnetwork" "public_subnet" {
      [32m+[0m[0m creation_timestamp         = (known after apply)
      [32m+[0m[0m enable_flow_logs           = (known after apply)
      [32m+[0m[0m external_ipv6_prefix       = (known after apply)
      [32m+[0m[0m fingerprint                = (known after apply)
      [32m+[0m[0m gateway_address            = (known after apply)
      [32m+[0m[0m id                         = (known after apply)
      [32m+[0m[0m internal_ipv6_prefix       = (known after apply)
      [32m+[0m[0m ip_cidr_range              = "172.20.1.0/24"
      [32m+[0m[0m ipv6_cidr_range            = (known after apply)
      [32m+[0m[0m ipv6_gce_endpoint          = (known after apply)
      [32m+[0m[0m name                       = "public-subnet"
      [32m+[0m[0m network                    = "projects/api-project-269968866265/global/networks/data-vpc"
      [32m+[0m[0m private_ip_google_access   = (known after apply)
      [32m+[0m[0m private_ipv6_google_access = (known after apply)
      [32m+[0m[0m project                    = "api-project-269968866265"
      [32m+[0m[0m purpose                    = (known after apply)
      [32m+[0m[0m region                     = "euro-central1"
      [32m+[0m[0m self_link                  = (known after apply)
      [32m+[0m[0m stack_type                 = (known after apply)
      [32m+[0m[0m state                      = (known after apply)
      [32m+[0m[0m subnetwork_id              = (known after apply)

      [32m+[0m[0m secondary_ip_range (known after apply)
    }

[1mPlan:[0m 7 to add, 0 to change, 0 to destroy.
[0m2025-04-03T23:12:47.857+0300 [DEBUG] command: asking for input: "\nDo you want to perform these actions?"
[0m[1m
Do you want to perform these actions?[0m
  Terraform will perform the actions described above.
  Only 'yes' will be accepted to approve.

  [1mEnter a value:[0m [0m
2025-04-03T23:12:48.592+0300 [INFO]  backend/local: apply calling Apply
2025-04-03T23:12:48.592+0300 [DEBUG] Building and walking apply graph for NormalMode plan
2025-04-03T23:12:48.592+0300 [DEBUG] Resource state not found for node "google_compute_instance.nat_instance", instance google_compute_instance.nat_instance
2025-04-03T23:12:48.592+0300 [DEBUG] Resource state not found for node "google_compute_subnetwork.public_subnet", instance google_compute_subnetwork.public_subnet
2025-04-03T23:12:48.592+0300 [DEBUG] Resource state not found for node "google_compute_subnetwork.private_subnet", instance google_compute_subnetwork.private_subnet
2025-04-03T23:12:48.592+0300 [DEBUG] Resource state not found for node "google_compute_instance.centos_instance", instance google_compute_instance.centos_instance
2025-04-03T23:12:48.592+0300 [DEBUG] Resource state not found for node "google_compute_router.nat_router", instance google_compute_router.nat_router
2025-04-03T23:12:48.592+0300 [DEBUG] Resource state not found for node "google_compute_router_nat.nat_config", instance google_compute_router_nat.nat_config
2025-04-03T23:12:48.592+0300 [DEBUG] Resource state not found for node "google_compute_instance.ubuntu_instance", instance google_compute_instance.ubuntu_instance
2025-04-03T23:12:48.593+0300 [DEBUG] ProviderTransformer: "google_compute_subnetwork.public_subnet" (*terraform.NodeApplyableResourceInstance) needs provider["registry.terraform.io/hashicorp/google"]
2025-04-03T23:12:48.593+0300 [DEBUG] ProviderTransformer: "google_compute_subnetwork.private_subnet" (*terraform.NodeApplyableResourceInstance) needs provider["registry.terraform.io/hashicorp/google"]
2025-04-03T23:12:48.593+0300 [DEBUG] ProviderTransformer: "google_compute_router.nat_router (expand)" (*terraform.nodeExpandApplyableResource) needs provider["registry.terraform.io/hashicorp/google"]
2025-04-03T23:12:48.593+0300 [DEBUG] ProviderTransformer: "google_compute_router_nat.nat_config" (*terraform.NodeApplyableResourceInstance) needs provider["registry.terraform.io/hashicorp/google"]
2025-04-03T23:12:48.593+0300 [DEBUG] ProviderTransformer: "google_compute_instance.ubuntu_instance" (*terraform.NodeApplyableResourceInstance) needs provider["registry.terraform.io/hashicorp/google"]
2025-04-03T23:12:48.593+0300 [DEBUG] ProviderTransformer: "google_compute_instance.ubuntu_instance (expand)" (*terraform.nodeExpandApplyableResource) needs provider["registry.terraform.io/hashicorp/google"]
2025-04-03T23:12:48.593+0300 [DEBUG] ProviderTransformer: "google_compute_firewall.allow_internet (expand)" (*terraform.nodeExpandApplyableResource) needs provider["registry.terraform.io/hashicorp/google"]
2025-04-03T23:12:48.593+0300 [DEBUG] ProviderTransformer: "google_compute_instance.nat_instance" (*terraform.NodeApplyableResourceInstance) needs provider["registry.terraform.io/hashicorp/google"]
2025-04-03T23:12:48.593+0300 [DEBUG] ProviderTransformer: "google_compute_subnetwork.public_subnet (expand)" (*terraform.nodeExpandApplyableResource) needs provider["registry.terraform.io/hashicorp/google"]
2025-04-03T23:12:48.593+0300 [DEBUG] ProviderTransformer: "google_compute_subnetwork.private_subnet (expand)" (*terraform.nodeExpandApplyableResource) needs provider["registry.terraform.io/hashicorp/google"]
2025-04-03T23:12:48.593+0300 [DEBUG] ProviderTransformer: "google_compute_instance.centos_instance" (*terraform.NodeApplyableResourceInstance) needs provider["registry.terraform.io/hashicorp/google"]
2025-04-03T23:12:48.593+0300 [DEBUG] ProviderTransformer: "google_compute_router_nat.nat_config (expand)" (*terraform.nodeExpandApplyableResource) needs provider["registry.terraform.io/hashicorp/google"]
2025-04-03T23:12:48.593+0300 [DEBUG] ProviderTransformer: "google_compute_instance.centos_instance (expand)" (*terraform.nodeExpandApplyableResource) needs provider["registry.terraform.io/hashicorp/google"]
2025-04-03T23:12:48.593+0300 [DEBUG] ProviderTransformer: "google_compute_instance.nat_instance (expand)" (*terraform.nodeExpandApplyableResource) needs provider["registry.terraform.io/hashicorp/google"]
2025-04-03T23:12:48.593+0300 [DEBUG] ProviderTransformer: "google_compute_network.vpc_network (expand)" (*terraform.nodeExpandApplyableResource) needs provider["registry.terraform.io/hashicorp/google"]
2025-04-03T23:12:48.593+0300 [DEBUG] ProviderTransformer: "google_compute_router.nat_router" (*terraform.NodeApplyableResourceInstance) needs provider["registry.terraform.io/hashicorp/google"]
2025-04-03T23:12:48.594+0300 [DEBUG] ReferenceTransformer: "google_compute_instance.nat_instance (expand)" references: [var.zone var.instance_image google_compute_subnetwork.public_subnet (expand) google_compute_subnetwork.public_subnet google_compute_subnetwork.public_subnet google_compute_network.vpc_network (expand)]
2025-04-03T23:12:48.594+0300 [DEBUG] ReferenceTransformer: "google_compute_router_nat.nat_config" references: [google_compute_router.nat_router (expand) google_compute_router.nat_router google_compute_router.nat_router google_compute_router.nat_router (expand) google_compute_router.nat_router google_compute_router.nat_router google_compute_subnetwork.private_subnet google_compute_subnetwork.private_subnet google_compute_subnetwork.private_subnet (expand)]
2025-04-03T23:12:48.594+0300 [DEBUG] ReferenceTransformer: "google_compute_instance.ubuntu_instance" references: [var.instance_type var.zone var.instance_image google_compute_network.vpc_network (expand) google_compute_subnetwork.public_subnet (expand) google_compute_subnetwork.public_subnet google_compute_subnetwork.public_subnet]
2025-04-03T23:12:48.594+0300 [DEBUG] ReferenceTransformer: "google_compute_subnetwork.public_subnet (expand)" references: [var.public_subnet_cidr var.region google_compute_network.vpc_network (expand)]
2025-04-03T23:12:48.594+0300 [DEBUG] ReferenceTransformer: "google_compute_firewall.allow_internet (expand)" references: [google_compute_network.vpc_network (expand)]
2025-04-03T23:12:48.594+0300 [DEBUG] ReferenceTransformer: "var.private_subnet_cidr" references: []
2025-04-03T23:12:48.594+0300 [DEBUG] ReferenceTransformer: "var.project_id" references: []
2025-04-03T23:12:48.594+0300 [DEBUG] ReferenceTransformer: "var.public_subnet_cidr" references: []
2025-04-03T23:12:48.594+0300 [DEBUG] ReferenceTransformer: "google_compute_instance.nat_instance" references: [var.zone var.instance_image google_compute_subnetwork.public_subnet (expand) google_compute_subnetwork.public_subnet google_compute_subnetwork.public_subnet google_compute_network.vpc_network (expand)]
2025-04-03T23:12:48.594+0300 [DEBUG] ReferenceTransformer: "provider[\"registry.terraform.io/hashicorp/google\"]" references: [var.region var.project_id]
2025-04-03T23:12:48.594+0300 [DEBUG] ReferenceTransformer: "google_compute_instance.ubuntu_instance (expand)" references: [var.instance_type var.zone var.instance_image google_compute_subnetwork.public_subnet (expand) google_compute_subnetwork.public_subnet google_compute_subnetwork.public_subnet google_compute_network.vpc_network (expand)]
2025-04-03T23:12:48.594+0300 [DEBUG] ReferenceTransformer: "google_compute_instance.centos_instance (expand)" references: [var.instance_type var.zone var.instance_image google_compute_network.vpc_network (expand) google_compute_subnetwork.private_subnet google_compute_subnetwork.private_subnet google_compute_subnetwork.private_subnet (expand)]
2025-04-03T23:12:48.594+0300 [DEBUG] ReferenceTransformer: "var.instance_type" references: []
2025-04-03T23:12:48.594+0300 [DEBUG] ReferenceTransformer: "var.instance_image" references: []
2025-04-03T23:12:48.594+0300 [DEBUG] ReferenceTransformer: "var.region" references: []
2025-04-03T23:12:48.594+0300 [DEBUG] ReferenceTransformer: "google_compute_subnetwork.public_subnet" references: [var.public_subnet_cidr var.region google_compute_network.vpc_network (expand)]
2025-04-03T23:12:48.594+0300 [DEBUG] ReferenceTransformer: "google_compute_subnetwork.private_subnet" references: [var.private_subnet_cidr var.region google_compute_network.vpc_network (expand)]
2025-04-03T23:12:48.594+0300 [DEBUG] ReferenceTransformer: "google_compute_instance.centos_instance" references: [var.instance_type var.zone var.instance_image google_compute_subnetwork.private_subnet google_compute_subnetwork.private_subnet google_compute_subnetwork.private_subnet (expand) google_compute_network.vpc_network (expand)]
2025-04-03T23:12:48.594+0300 [DEBUG] ReferenceTransformer: "google_compute_router_nat.nat_config (expand)" references: [google_compute_router.nat_router (expand) google_compute_router.nat_router google_compute_router.nat_router google_compute_router.nat_router (expand) google_compute_router.nat_router google_compute_router.nat_router google_compute_subnetwork.private_subnet google_compute_subnetwork.private_subnet google_compute_subnetwork.private_subnet (expand)]
2025-04-03T23:12:48.594+0300 [DEBUG] ReferenceTransformer: "google_compute_router.nat_router (expand)" references: [var.region google_compute_network.vpc_network (expand)]
2025-04-03T23:12:48.594+0300 [DEBUG] ReferenceTransformer: "google_compute_network.vpc_network (expand)" references: []
2025-04-03T23:12:48.594+0300 [DEBUG] ReferenceTransformer: "var.zone" references: []
2025-04-03T23:12:48.594+0300 [DEBUG] ReferenceTransformer: "var.vpc_cidr" references: []
2025-04-03T23:12:48.594+0300 [DEBUG] ReferenceTransformer: "google_compute_router.nat_router" references: [google_compute_network.vpc_network (expand) var.region]
2025-04-03T23:12:48.594+0300 [DEBUG] ReferenceTransformer: "google_compute_subnetwork.private_subnet (expand)" references: [var.private_subnet_cidr var.region google_compute_network.vpc_network (expand)]
2025-04-03T23:12:48.596+0300 [DEBUG] Starting graph walk: walkApply
2025-04-03T23:12:48.597+0300 [DEBUG] created provider logger: level=debug
2025-04-03T23:12:48.597+0300 [INFO]  provider: configuring client automatic mTLS
2025-04-03T23:12:48.600+0300 [DEBUG] provider: starting plugin: path=.terraform/providers/registry.terraform.io/hashicorp/google/6.28.0/windows_amd64/terraform-provider-google_v6.28.0_x5.exe args=[".terraform/providers/registry.terraform.io/hashicorp/google/6.28.0/windows_amd64/terraform-provider-google_v6.28.0_x5.exe"]
2025-04-03T23:12:48.971+0300 [DEBUG] provider: plugin started: path=.terraform/providers/registry.terraform.io/hashicorp/google/6.28.0/windows_amd64/terraform-provider-google_v6.28.0_x5.exe pid=13396
2025-04-03T23:12:48.971+0300 [DEBUG] provider: waiting for RPC address: plugin=.terraform/providers/registry.terraform.io/hashicorp/google/6.28.0/windows_amd64/terraform-provider-google_v6.28.0_x5.exe
2025-04-03T23:12:49.032+0300 [INFO]  provider.terraform-provider-google_v6.28.0_x5.exe: configuring server automatic mTLS: timestamp="2025-04-03T23:12:49.005+0300"
2025-04-03T23:12:49.041+0300 [DEBUG] provider.terraform-provider-google_v6.28.0_x5.exe: plugin address: address=127.0.0.1:10000 network=tcp timestamp="2025-04-03T23:12:49.041+0300"
2025-04-03T23:12:49.041+0300 [DEBUG] provider: using plugin: version=5
2025-04-03T23:12:49.083+0300 [DEBUG] provider.terraform-provider-google_v6.28.0_x5.exe: 2025/04/03 23:12:49 [INFO] Authenticating using configured Google JSON 'credentials'...
2025-04-03T23:12:49.083+0300 [DEBUG] provider.terraform-provider-google_v6.28.0_x5.exe: 2025/04/03 23:12:49 [INFO]   -- Scopes: [https://www.googleapis.com/auth/cloud-platform https://www.googleapis.com/auth/userinfo.email]
2025-04-03T23:12:49.083+0300 [DEBUG] provider.terraform-provider-google_v6.28.0_x5.exe: 2025/04/03 23:12:49 [INFO] Authenticating using configured Google JSON 'credentials'...
2025-04-03T23:12:49.083+0300 [DEBUG] provider.terraform-provider-google_v6.28.0_x5.exe: 2025/04/03 23:12:49 [INFO]   -- Scopes: [https://www.googleapis.com/auth/cloud-platform https://www.googleapis.com/auth/userinfo.email]
2025-04-03T23:12:49.083+0300 [DEBUG] provider.terraform-provider-google_v6.28.0_x5.exe: 2025/04/03 23:12:49 [DEBUG] Waiting for state to become: [success]
2025-04-03T23:12:49.423+0300 [DEBUG] provider.terraform-provider-google_v6.28.0_x5.exe: 2025/04/03 23:12:49 [INFO] Terraform is using this identity: terraform-q2352@api-project-269968866265.iam.gserviceaccount.com
[0m[1mgoogle_compute_router.nat_router: Creating...[0m[0m
2025-04-03T23:12:49.431+0300 [INFO]  Starting apply for google_compute_router.nat_router
2025-04-03T23:12:49.431+0300 [DEBUG] google_compute_router.nat_router: applying the planned Create change
2025-04-03T23:12:49.431+0300 [WARN]  Provider "registry.terraform.io/hashicorp/google" produced an invalid plan for google_compute_subnetwork.private_subnet, but we are tolerating it because it is using the legacy plugin SDK.
    The following problems may be the cause of any confusing errors from downstream operations:
      - .secondary_ip_range: attribute representing nested block must not be unknown itself; set nested attribute values to unknown instead
2025-04-03T23:12:49.431+0300 [WARN]  Provider "registry.terraform.io/hashicorp/google" produced an invalid plan for google_compute_subnetwork.public_subnet, but we are tolerating it because it is using the legacy plugin SDK.
    The following problems may be the cause of any confusing errors from downstream operations:
      - .secondary_ip_range: attribute representing nested block must not be unknown itself; set nested attribute values to unknown instead
[0m[1mgoogle_compute_subnetwork.private_subnet: Creating...[0m[0m
2025-04-03T23:12:49.432+0300 [INFO]  Starting apply for google_compute_subnetwork.private_subnet
[0m[1mgoogle_compute_subnetwork.public_subnet: Creating...[0m[0m
2025-04-03T23:12:49.432+0300 [INFO]  Starting apply for google_compute_subnetwork.public_subnet
2025-04-03T23:12:49.432+0300 [DEBUG] google_compute_subnetwork.private_subnet: applying the planned Create change
2025-04-03T23:12:49.432+0300 [DEBUG] google_compute_subnetwork.public_subnet: applying the planned Create change
2025-04-03T23:12:49.432+0300 [DEBUG] provider.terraform-provider-google_v6.28.0_x5.exe: 2025/04/03 23:12:49 [DEBUG] Locking "router/euro-central1/nat-router"
2025-04-03T23:12:49.432+0300 [DEBUG] provider.terraform-provider-google_v6.28.0_x5.exe: 2025/04/03 23:12:49 [DEBUG] Locked "router/euro-central1/nat-router"
2025-04-03T23:12:49.432+0300 [DEBUG] provider.terraform-provider-google_v6.28.0_x5.exe: 2025/04/03 23:12:49 [DEBUG] Creating new Router: map[string]interface {}{"bgp":interface {}(nil), "name":"nat-router", "network":"projects/api-project-269968866265/global/networks/data-vpc", "region":"projects/api-project-269968866265/global/regions/euro-central1"}
2025-04-03T23:12:49.432+0300 [DEBUG] provider.terraform-provider-google_v6.28.0_x5.exe: 2025/04/03 23:12:49 [DEBUG] Waiting for state to become: [success]
2025-04-03T23:12:49.432+0300 [DEBUG] provider.terraform-provider-google_v6.28.0_x5.exe: 2025/04/03 23:12:49 [DEBUG] Retry Transport: starting RoundTrip retry loop
2025-04-03T23:12:49.432+0300 [DEBUG] provider.terraform-provider-google_v6.28.0_x5.exe: 2025/04/03 23:12:49 [DEBUG] Retry Transport: request attempt 0
2025-04-03T23:12:49.433+0300 [DEBUG] provider.terraform-provider-google_v6.28.0_x5.exe: 2025/04/03 23:12:49 [DEBUG] Google API Request Details:
2025-04-03T23:12:49.433+0300 [DEBUG] provider.terraform-provider-google_v6.28.0_x5.exe: ---[ REQUEST ]---------------------------------------
2025-04-03T23:12:49.433+0300 [DEBUG] provider.terraform-provider-google_v6.28.0_x5.exe: POST /compute/v1/projects/api-project-269968866265/regions/euro-central1/routers?alt=json HTTP/1.1
2025-04-03T23:12:49.433+0300 [DEBUG] provider.terraform-provider-google_v6.28.0_x5.exe: Host: compute.googleapis.com
2025-04-03T23:12:49.433+0300 [DEBUG] provider.terraform-provider-google_v6.28.0_x5.exe: User-Agent: Terraform/1.11.0 (+https://www.terraform.io) Terraform-Plugin-SDK/2.36.0 terraform-provider-google/6.28.0
2025-04-03T23:12:49.433+0300 [DEBUG] provider.terraform-provider-google_v6.28.0_x5.exe: Content-Length: 178
2025-04-03T23:12:49.433+0300 [DEBUG] provider.terraform-provider-google_v6.28.0_x5.exe: Content-Type: application/json
2025-04-03T23:12:49.433+0300 [DEBUG] provider.terraform-provider-google_v6.28.0_x5.exe: Accept-Encoding: gzip
2025-04-03T23:12:49.433+0300 [DEBUG] provider.terraform-provider-google_v6.28.0_x5.exe
2025-04-03T23:12:49.433+0300 [DEBUG] provider.terraform-provider-google_v6.28.0_x5.exe: {
2025-04-03T23:12:49.433+0300 [DEBUG] provider.terraform-provider-google_v6.28.0_x5.exe:  "bgp": null,
2025-04-03T23:12:49.433+0300 [DEBUG] provider.terraform-provider-google_v6.28.0_x5.exe:  "name": "nat-router",
2025-04-03T23:12:49.433+0300 [DEBUG] provider.terraform-provider-google_v6.28.0_x5.exe:  "network": "projects/api-project-269968866265/global/networks/data-vpc",
2025-04-03T23:12:49.433+0300 [DEBUG] provider.terraform-provider-google_v6.28.0_x5.exe:  "region": "projects/api-project-269968866265/global/regions/euro-central1"
2025-04-03T23:12:49.433+0300 [DEBUG] provider.terraform-provider-google_v6.28.0_x5.exe: }
2025-04-03T23:12:49.433+0300 [DEBUG] provider.terraform-provider-google_v6.28.0_x5.exe
2025-04-03T23:12:49.433+0300 [DEBUG] provider.terraform-provider-google_v6.28.0_x5.exe: -----------------------------------------------------
2025-04-03T23:12:49.433+0300 [DEBUG] provider.terraform-provider-google_v6.28.0_x5.exe: 2025/04/03 23:12:49 [DEBUG] setting computed for "secondary_ip_range" from ComputedKeys
2025-04-03T23:12:49.433+0300 [DEBUG] provider.terraform-provider-google_v6.28.0_x5.exe: 2025/04/03 23:12:49 [DEBUG] setting computed for "secondary_ip_range" from ComputedKeys
2025-04-03T23:12:49.433+0300 [DEBUG] provider.terraform-provider-google_v6.28.0_x5.exe: 2025/04/03 23:12:49 [DEBUG] Creating new Subnetwork: map[string]interface {}{"ipCidrRange":"172.20.2.0/24", "logConfig":map[string]interface {}{"enable":false}, "name":"private-subnet", "network":"projects/api-project-269968866265/global/networks/data-vpc", "region":"projects/api-project-269968866265/global/regions/euro-central1"}
2025-04-03T23:12:49.433+0300 [DEBUG] provider.terraform-provider-google_v6.28.0_x5.exe: 2025/04/03 23:12:49 [DEBUG] Waiting for state to become: [success]
2025-04-03T23:12:49.433+0300 [DEBUG] provider.terraform-provider-google_v6.28.0_x5.exe: 2025/04/03 23:12:49 [DEBUG] Retry Transport: starting RoundTrip retry loop
2025-04-03T23:12:49.433+0300 [DEBUG] provider.terraform-provider-google_v6.28.0_x5.exe: 2025/04/03 23:12:49 [DEBUG] Retry Transport: request attempt 0
2025-04-03T23:12:49.433+0300 [DEBUG] provider.terraform-provider-google_v6.28.0_x5.exe: 2025/04/03 23:12:49 [DEBUG] Google API Request Details:
2025-04-03T23:12:49.433+0300 [DEBUG] provider.terraform-provider-google_v6.28.0_x5.exe: ---[ REQUEST ]---------------------------------------
2025-04-03T23:12:49.433+0300 [DEBUG] provider.terraform-provider-google_v6.28.0_x5.exe: POST /compute/v1/projects/api-project-269968866265/regions/euro-central1/subnetworks?alt=json HTTP/1.1
2025-04-03T23:12:49.433+0300 [DEBUG] provider.terraform-provider-google_v6.28.0_x5.exe: Host: compute.googleapis.com
2025-04-03T23:12:49.433+0300 [DEBUG] provider.terraform-provider-google_v6.28.0_x5.exe: User-Agent: Terraform/1.11.0 (+https://www.terraform.io) Terraform-Plugin-SDK/2.36.0 terraform-provider-google/6.28.0
2025-04-03T23:12:49.433+0300 [DEBUG] provider.terraform-provider-google_v6.28.0_x5.exe: Content-Length: 230
2025-04-03T23:12:49.433+0300 [DEBUG] provider.terraform-provider-google_v6.28.0_x5.exe: Content-Type: application/json
2025-04-03T23:12:49.433+0300 [DEBUG] provider.terraform-provider-google_v6.28.0_x5.exe: Accept-Encoding: gzip
2025-04-03T23:12:49.433+0300 [DEBUG] provider.terraform-provider-google_v6.28.0_x5.exe
2025-04-03T23:12:49.433+0300 [DEBUG] provider.terraform-provider-google_v6.28.0_x5.exe: {
2025-04-03T23:12:49.433+0300 [DEBUG] provider.terraform-provider-google_v6.28.0_x5.exe:  "ipCidrRange": "172.20.2.0/24",
2025-04-03T23:12:49.433+0300 [DEBUG] provider.terraform-provider-google_v6.28.0_x5.exe:  "logConfig": {
2025-04-03T23:12:49.433+0300 [DEBUG] provider.terraform-provider-google_v6.28.0_x5.exe:   "enable": false
2025-04-03T23:12:49.433+0300 [DEBUG] provider.terraform-provider-google_v6.28.0_x5.exe:  },
2025-04-03T23:12:49.433+0300 [DEBUG] provider.terraform-provider-google_v6.28.0_x5.exe:  "name": "private-subnet",
2025-04-03T23:12:49.433+0300 [DEBUG] provider.terraform-provider-google_v6.28.0_x5.exe:  "network": "projects/api-project-269968866265/global/networks/data-vpc",
2025-04-03T23:12:49.433+0300 [DEBUG] provider.terraform-provider-google_v6.28.0_x5.exe:  "region": "projects/api-project-269968866265/global/regions/euro-central1"
2025-04-03T23:12:49.433+0300 [DEBUG] provider.terraform-provider-google_v6.28.0_x5.exe: }
2025-04-03T23:12:49.433+0300 [DEBUG] provider.terraform-provider-google_v6.28.0_x5.exe
2025-04-03T23:12:49.434+0300 [DEBUG] provider.terraform-provider-google_v6.28.0_x5.exe: -----------------------------------------------------
2025-04-03T23:12:49.434+0300 [DEBUG] provider.terraform-provider-google_v6.28.0_x5.exe: 2025/04/03 23:12:49 [DEBUG] Creating new Subnetwork: map[string]interface {}{"ipCidrRange":"172.20.1.0/24", "logConfig":map[string]interface {}{"enable":false}, "name":"public-subnet", "network":"projects/api-project-269968866265/global/networks/data-vpc", "region":"projects/api-project-269968866265/global/regions/euro-central1"}
2025-04-03T23:12:49.434+0300 [DEBUG] provider.terraform-provider-google_v6.28.0_x5.exe: 2025/04/03 23:12:49 [DEBUG] Waiting for state to become: [success]
2025-04-03T23:12:49.434+0300 [DEBUG] provider.terraform-provider-google_v6.28.0_x5.exe: 2025/04/03 23:12:49 [DEBUG] Retry Transport: starting RoundTrip retry loop
2025-04-03T23:12:49.434+0300 [DEBUG] provider.terraform-provider-google_v6.28.0_x5.exe: 2025/04/03 23:12:49 [DEBUG] Retry Transport: request attempt 0
2025-04-03T23:12:49.434+0300 [DEBUG] provider.terraform-provider-google_v6.28.0_x5.exe: 2025/04/03 23:12:49 [DEBUG] Google API Request Details:
2025-04-03T23:12:49.434+0300 [DEBUG] provider.terraform-provider-google_v6.28.0_x5.exe: ---[ REQUEST ]---------------------------------------
2025-04-03T23:12:49.434+0300 [DEBUG] provider.terraform-provider-google_v6.28.0_x5.exe: POST /compute/v1/projects/api-project-269968866265/regions/euro-central1/subnetworks?alt=json HTTP/1.1
2025-04-03T23:12:49.434+0300 [DEBUG] provider.terraform-provider-google_v6.28.0_x5.exe: Host: compute.googleapis.com
2025-04-03T23:12:49.434+0300 [DEBUG] provider.terraform-provider-google_v6.28.0_x5.exe: User-Agent: Terraform/1.11.0 (+https://www.terraform.io) Terraform-Plugin-SDK/2.36.0 terraform-provider-google/6.28.0
2025-04-03T23:12:49.434+0300 [DEBUG] provider.terraform-provider-google_v6.28.0_x5.exe: Content-Length: 229
2025-04-03T23:12:49.434+0300 [DEBUG] provider.terraform-provider-google_v6.28.0_x5.exe: Content-Type: application/json
2025-04-03T23:12:49.434+0300 [DEBUG] provider.terraform-provider-google_v6.28.0_x5.exe: Accept-Encoding: gzip
2025-04-03T23:12:49.434+0300 [DEBUG] provider.terraform-provider-google_v6.28.0_x5.exe
2025-04-03T23:12:49.434+0300 [DEBUG] provider.terraform-provider-google_v6.28.0_x5.exe: {
2025-04-03T23:12:49.434+0300 [DEBUG] provider.terraform-provider-google_v6.28.0_x5.exe:  "ipCidrRange": "172.20.1.0/24",
2025-04-03T23:12:49.434+0300 [DEBUG] provider.terraform-provider-google_v6.28.0_x5.exe:  "logConfig": {
2025-04-03T23:12:49.434+0300 [DEBUG] provider.terraform-provider-google_v6.28.0_x5.exe:   "enable": false
2025-04-03T23:12:49.434+0300 [DEBUG] provider.terraform-provider-google_v6.28.0_x5.exe:  },
2025-04-03T23:12:49.434+0300 [DEBUG] provider.terraform-provider-google_v6.28.0_x5.exe:  "name": "public-subnet",
2025-04-03T23:12:49.434+0300 [DEBUG] provider.terraform-provider-google_v6.28.0_x5.exe:  "network": "projects/api-project-269968866265/global/networks/data-vpc",
2025-04-03T23:12:49.434+0300 [DEBUG] provider.terraform-provider-google_v6.28.0_x5.exe:  "region": "projects/api-project-269968866265/global/regions/euro-central1"
2025-04-03T23:12:49.434+0300 [DEBUG] provider.terraform-provider-google_v6.28.0_x5.exe: }
2025-04-03T23:12:49.434+0300 [DEBUG] provider.terraform-provider-google_v6.28.0_x5.exe
2025-04-03T23:12:49.434+0300 [DEBUG] provider.terraform-provider-google_v6.28.0_x5.exe: -----------------------------------------------------
2025-04-03T23:12:49.684+0300 [DEBUG] provider.terraform-provider-google_v6.28.0_x5.exe: 2025/04/03 23:12:49 [DEBUG] Google API Response Details:
2025-04-03T23:12:49.684+0300 [DEBUG] provider.terraform-provider-google_v6.28.0_x5.exe: ---[ RESPONSE ]--------------------------------------
2025-04-03T23:12:49.684+0300 [DEBUG] provider.terraform-provider-google_v6.28.0_x5.exe: HTTP/2.0 403 Forbidden
2025-04-03T23:12:49.684+0300 [DEBUG] provider.terraform-provider-google_v6.28.0_x5.exe: Alt-Svc: h3=":443"; ma=2592000,h3-29=":443"; ma=2592000
2025-04-03T23:12:49.684+0300 [DEBUG] provider.terraform-provider-google_v6.28.0_x5.exe: Content-Type: application/json; charset=UTF-8
2025-04-03T23:12:49.684+0300 [DEBUG] provider.terraform-provider-google_v6.28.0_x5.exe: Date: Thu, 03 Apr 2025 20:12:49 GMT
2025-04-03T23:12:49.684+0300 [DEBUG] provider.terraform-provider-google_v6.28.0_x5.exe: Server: ESF
2025-04-03T23:12:49.684+0300 [DEBUG] provider.terraform-provider-google_v6.28.0_x5.exe: Vary: Origin
2025-04-03T23:12:49.684+0300 [DEBUG] provider.terraform-provider-google_v6.28.0_x5.exe: Vary: X-Origin
2025-04-03T23:12:49.684+0300 [DEBUG] provider.terraform-provider-google_v6.28.0_x5.exe: Vary: Referer
2025-04-03T23:12:49.684+0300 [DEBUG] provider.terraform-provider-google_v6.28.0_x5.exe: X-Content-Type-Options: nosniff
2025-04-03T23:12:49.684+0300 [DEBUG] provider.terraform-provider-google_v6.28.0_x5.exe: X-Frame-Options: SAMEORIGIN
2025-04-03T23:12:49.684+0300 [DEBUG] provider.terraform-provider-google_v6.28.0_x5.exe: X-Xss-Protection: 0
2025-04-03T23:12:49.684+0300 [DEBUG] provider.terraform-provider-google_v6.28.0_x5.exe
2025-04-03T23:12:49.684+0300 [DEBUG] provider.terraform-provider-google_v6.28.0_x5.exe: {
2025-04-03T23:12:49.684+0300 [DEBUG] provider.terraform-provider-google_v6.28.0_x5.exe:   "error": {
2025-04-03T23:12:49.684+0300 [DEBUG] provider.terraform-provider-google_v6.28.0_x5.exe:     "code": 403,
2025-04-03T23:12:49.684+0300 [DEBUG] provider.terraform-provider-google_v6.28.0_x5.exe:     "message": "Permission denied on 'locations/euro-central1' (or it may not exist).",
2025-04-03T23:12:49.684+0300 [DEBUG] provider.terraform-provider-google_v6.28.0_x5.exe:     "errors": [
2025-04-03T23:12:49.684+0300 [DEBUG] provider.terraform-provider-google_v6.28.0_x5.exe:       {
2025-04-03T23:12:49.684+0300 [DEBUG] provider.terraform-provider-google_v6.28.0_x5.exe:         "message": "Permission denied on 'locations/euro-central1' (or it may not exist).",
2025-04-03T23:12:49.684+0300 [DEBUG] provider.terraform-provider-google_v6.28.0_x5.exe:         "domain": "global",
2025-04-03T23:12:49.684+0300 [DEBUG] provider.terraform-provider-google_v6.28.0_x5.exe:         "reason": "forbidden"
2025-04-03T23:12:49.685+0300 [DEBUG] provider.terraform-provider-google_v6.28.0_x5.exe:       }
2025-04-03T23:12:49.685+0300 [DEBUG] provider.terraform-provider-google_v6.28.0_x5.exe:     ],
2025-04-03T23:12:49.685+0300 [DEBUG] provider.terraform-provider-google_v6.28.0_x5.exe:     "status": "PERMISSION_DENIED",
2025-04-03T23:12:49.685+0300 [DEBUG] provider.terraform-provider-google_v6.28.0_x5.exe:     "details": [
2025-04-03T23:12:49.685+0300 [DEBUG] provider.terraform-provider-google_v6.28.0_x5.exe:       {
2025-04-03T23:12:49.685+0300 [DEBUG] provider.terraform-provider-google_v6.28.0_x5.exe:         "@type": "type.googleapis.com/google.rpc.ErrorInfo",
2025-04-03T23:12:49.685+0300 [DEBUG] provider.terraform-provider-google_v6.28.0_x5.exe:         "reason": "LOCATION_POLICY_VIOLATED",
2025-04-03T23:12:49.685+0300 [DEBUG] provider.terraform-provider-google_v6.28.0_x5.exe:         "domain": "googleapis.com",
2025-04-03T23:12:49.685+0300 [DEBUG] provider.terraform-provider-google_v6.28.0_x5.exe:         "metadata": {
2025-04-03T23:12:49.685+0300 [DEBUG] provider.terraform-provider-google_v6.28.0_x5.exe:           "location": "euro-central1",
2025-04-03T23:12:49.685+0300 [DEBUG] provider.terraform-provider-google_v6.28.0_x5.exe:           "service": "compute.googleapis.com",
2025-04-03T23:12:49.685+0300 [DEBUG] provider.terraform-provider-google_v6.28.0_x5.exe:           "consumer": "projects/api-project-269968866265"
2025-04-03T23:12:49.685+0300 [DEBUG] provider.terraform-provider-google_v6.28.0_x5.exe:         }
2025-04-03T23:12:49.685+0300 [DEBUG] provider.terraform-provider-google_v6.28.0_x5.exe:       },
2025-04-03T23:12:49.685+0300 [DEBUG] provider.terraform-provider-google_v6.28.0_x5.exe:       {
2025-04-03T23:12:49.685+0300 [DEBUG] provider.terraform-provider-google_v6.28.0_x5.exe:         "@type": "type.googleapis.com/google.rpc.LocalizedMessage",
2025-04-03T23:12:49.685+0300 [DEBUG] provider.terraform-provider-google_v6.28.0_x5.exe:         "locale": "en-US",
2025-04-03T23:12:49.685+0300 [DEBUG] provider.terraform-provider-google_v6.28.0_x5.exe:         "message": "Permission denied on 'locations/euro-central1' (or it may not exist)."
2025-04-03T23:12:49.685+0300 [DEBUG] provider.terraform-provider-google_v6.28.0_x5.exe:       }
2025-04-03T23:12:49.685+0300 [DEBUG] provider.terraform-provider-google_v6.28.0_x5.exe:     ]
2025-04-03T23:12:49.685+0300 [DEBUG] provider.terraform-provider-google_v6.28.0_x5.exe:   }
2025-04-03T23:12:49.685+0300 [DEBUG] provider.terraform-provider-google_v6.28.0_x5.exe: }
2025-04-03T23:12:49.685+0300 [DEBUG] provider.terraform-provider-google_v6.28.0_x5.exe
2025-04-03T23:12:49.685+0300 [DEBUG] provider.terraform-provider-google_v6.28.0_x5.exe: -----------------------------------------------------
2025-04-03T23:12:49.685+0300 [DEBUG] provider.terraform-provider-google_v6.28.0_x5.exe: 2025/04/03 23:12:49 [DEBUG] Retry Transport: Stopping retries, last request failed with non-retryable error: googleapi: got HTTP response code 403 with body: HTTP/2.0 403 Forbidden
2025-04-03T23:12:49.685+0300 [DEBUG] provider.terraform-provider-google_v6.28.0_x5.exe: Alt-Svc: h3=":443"; ma=2592000,h3-29=":443"; ma=2592000
2025-04-03T23:12:49.685+0300 [DEBUG] provider.terraform-provider-google_v6.28.0_x5.exe: Content-Type: application/json; charset=UTF-8
2025-04-03T23:12:49.685+0300 [DEBUG] provider.terraform-provider-google_v6.28.0_x5.exe: Date: Thu, 03 Apr 2025 20:12:49 GMT
2025-04-03T23:12:49.685+0300 [DEBUG] provider.terraform-provider-google_v6.28.0_x5.exe: Server: ESF
2025-04-03T23:12:49.685+0300 [DEBUG] provider.terraform-provider-google_v6.28.0_x5.exe: Vary: Origin
2025-04-03T23:12:49.685+0300 [DEBUG] provider.terraform-provider-google_v6.28.0_x5.exe: Vary: X-Origin
2025-04-03T23:12:49.685+0300 [DEBUG] provider.terraform-provider-google_v6.28.0_x5.exe: Vary: Referer
2025-04-03T23:12:49.685+0300 [DEBUG] provider.terraform-provider-google_v6.28.0_x5.exe: X-Content-Type-Options: nosniff
2025-04-03T23:12:49.685+0300 [DEBUG] provider.terraform-provider-google_v6.28.0_x5.exe: X-Frame-Options: SAMEORIGIN
2025-04-03T23:12:49.685+0300 [DEBUG] provider.terraform-provider-google_v6.28.0_x5.exe: X-Xss-Protection: 0
2025-04-03T23:12:49.685+0300 [DEBUG] provider.terraform-provider-google_v6.28.0_x5.exe
2025-04-03T23:12:49.685+0300 [DEBUG] provider.terraform-provider-google_v6.28.0_x5.exe: {
2025-04-03T23:12:49.685+0300 [DEBUG] provider.terraform-provider-google_v6.28.0_x5.exe:   "error": {
2025-04-03T23:12:49.685+0300 [DEBUG] provider.terraform-provider-google_v6.28.0_x5.exe:     "code": 403,
2025-04-03T23:12:49.685+0300 [DEBUG] provider.terraform-provider-google_v6.28.0_x5.exe:     "message": "Permission denied on 'locations/euro-central1' (or it may not exist).",
2025-04-03T23:12:49.685+0300 [DEBUG] provider.terraform-provider-google_v6.28.0_x5.exe:     "errors": [
2025-04-03T23:12:49.685+0300 [DEBUG] provider.terraform-provider-google_v6.28.0_x5.exe:       {
2025-04-03T23:12:49.685+0300 [DEBUG] provider.terraform-provider-google_v6.28.0_x5.exe:         "message": "Permission denied on 'locations/euro-central1' (or it may not exist).",
2025-04-03T23:12:49.685+0300 [DEBUG] provider.terraform-provider-google_v6.28.0_x5.exe:         "domain": "global",
2025-04-03T23:12:49.685+0300 [DEBUG] provider.terraform-provider-google_v6.28.0_x5.exe:         "reason": "forbidden"
2025-04-03T23:12:49.685+0300 [DEBUG] provider.terraform-provider-google_v6.28.0_x5.exe:       }
2025-04-03T23:12:49.685+0300 [DEBUG] provider.terraform-provider-google_v6.28.0_x5.exe:     ],
2025-04-03T23:12:49.685+0300 [DEBUG] provider.terraform-provider-google_v6.28.0_x5.exe:     "status": "PERMISSION_DENIED",
2025-04-03T23:12:49.685+0300 [DEBUG] provider.terraform-provider-google_v6.28.0_x5.exe:     "details": [
2025-04-03T23:12:49.685+0300 [DEBUG] provider.terraform-provider-google_v6.28.0_x5.exe:       {
2025-04-03T23:12:49.685+0300 [DEBUG] provider.terraform-provider-google_v6.28.0_x5.exe:         "@type": "type.googleapis.com/google.rpc.ErrorInfo",
2025-04-03T23:12:49.685+0300 [DEBUG] provider.terraform-provider-google_v6.28.0_x5.exe:         "reason": "LOCATION_POLICY_VIOLATED",
2025-04-03T23:12:49.685+0300 [DEBUG] provider.terraform-provider-google_v6.28.0_x5.exe:         "domain": "googleapis.com",
2025-04-03T23:12:49.685+0300 [DEBUG] provider.terraform-provider-google_v6.28.0_x5.exe:         "metadata": {
2025-04-03T23:12:49.685+0300 [DEBUG] provider.terraform-provider-google_v6.28.0_x5.exe:           "location": "euro-central1",
2025-04-03T23:12:49.685+0300 [DEBUG] provider.terraform-provider-google_v6.28.0_x5.exe:           "service": "compute.googleapis.com",
2025-04-03T23:12:49.685+0300 [DEBUG] provider.terraform-provider-google_v6.28.0_x5.exe:           "consumer": "projects/api-project-269968866265"
2025-04-03T23:12:49.685+0300 [DEBUG] provider.terraform-provider-google_v6.28.0_x5.exe:         }
2025-04-03T23:12:49.685+0300 [DEBUG] provider.terraform-provider-google_v6.28.0_x5.exe:       },
2025-04-03T23:12:49.685+0300 [DEBUG] provider.terraform-provider-google_v6.28.0_x5.exe:       {
2025-04-03T23:12:49.685+0300 [DEBUG] provider.terraform-provider-google_v6.28.0_x5.exe:         "@type": "type.googleapis.com/google.rpc.LocalizedMessage",
2025-04-03T23:12:49.685+0300 [DEBUG] provider.terraform-provider-google_v6.28.0_x5.exe:         "locale": "en-US",
2025-04-03T23:12:49.685+0300 [DEBUG] provider.terraform-provider-google_v6.28.0_x5.exe:         "message": "Permission denied on 'locations/euro-central1' (or it may not exist)."
2025-04-03T23:12:49.685+0300 [DEBUG] provider.terraform-provider-google_v6.28.0_x5.exe:       }
2025-04-03T23:12:49.685+0300 [DEBUG] provider.terraform-provider-google_v6.28.0_x5.exe:     ]
2025-04-03T23:12:49.685+0300 [DEBUG] provider.terraform-provider-google_v6.28.0_x5.exe:   }
2025-04-03T23:12:49.685+0300 [DEBUG] provider.terraform-provider-google_v6.28.0_x5.exe: }
2025-04-03T23:12:49.685+0300 [DEBUG] provider.terraform-provider-google_v6.28.0_x5.exe: 2025/04/03 23:12:49 [DEBUG] Retry Transport: Returning after 1 attempts
2025-04-03T23:12:49.685+0300 [ERROR] provider.terraform-provider-google_v6.28.0_x5.exe: Response contains error diagnostic: diagnostic_detail="" diagnostic_severity=ERROR @module=sdk.proto
  diagnostic_summary=
  | Error creating Subnetwork: googleapi: Error 403: Permission denied on 'locations/euro-central1' (or it may not exist).
  | Details:
  | [
  |   {
  |     "@type": "type.googleapis.com/google.rpc.ErrorInfo",
  |     "domain": "googleapis.com",
  |     "metadata": {
  |       "consumer": "projects/api-project-269968866265",
  |       "location": "euro-central1",
  |       "service": "compute.googleapis.com"
  |     },
  |     "reason": "LOCATION_POLICY_VIOLATED"
  |   },
  |   {
  |     "@type": "type.googleapis.com/google.rpc.LocalizedMessage",
  |     "locale": "en-US",
  |     "message": "Permission denied on 'locations/euro-central1' (or it may not exist)."
  |   }
  | ]
  | , forbidden
   tf_proto_version=5.8 tf_provider_addr=registry.terraform.io/hashicorp/google tf_req_id=8741a915-8e06-14a6-0187-fd5c81aad198 tf_resource_type=google_compute_subnetwork tf_rpc=ApplyResourceChange @caller=github.com/hashicorp/terraform-plugin-go@v0.26.0/tfprotov5/internal/diag/diagnostics.go:58 timestamp="2025-04-03T23:12:49.685+0300"
2025-04-03T23:12:49.702+0300 [DEBUG] provider.terraform-provider-google_v6.28.0_x5.exe: 2025/04/03 23:12:49 [DEBUG] Google API Response Details:
2025-04-03T23:12:49.702+0300 [DEBUG] provider.terraform-provider-google_v6.28.0_x5.exe: ---[ RESPONSE ]--------------------------------------
2025-04-03T23:12:49.702+0300 [DEBUG] provider.terraform-provider-google_v6.28.0_x5.exe: HTTP/2.0 403 Forbidden
2025-04-03T23:12:49.702+0300 [DEBUG] provider.terraform-provider-google_v6.28.0_x5.exe: Alt-Svc: h3=":443"; ma=2592000,h3-29=":443"; ma=2592000
2025-04-03T23:12:49.702+0300 [DEBUG] provider.terraform-provider-google_v6.28.0_x5.exe: Content-Type: application/json; charset=UTF-8
2025-04-03T23:12:49.702+0300 [DEBUG] provider.terraform-provider-google_v6.28.0_x5.exe: Date: Thu, 03 Apr 2025 20:12:49 GMT
2025-04-03T23:12:49.702+0300 [DEBUG] provider.terraform-provider-google_v6.28.0_x5.exe: Server: ESF
2025-04-03T23:12:49.702+0300 [DEBUG] provider.terraform-provider-google_v6.28.0_x5.exe: Vary: Origin
2025-04-03T23:12:49.702+0300 [DEBUG] provider.terraform-provider-google_v6.28.0_x5.exe: Vary: X-Origin
2025-04-03T23:12:49.702+0300 [DEBUG] provider.terraform-provider-google_v6.28.0_x5.exe: Vary: Referer
2025-04-03T23:12:49.702+0300 [DEBUG] provider.terraform-provider-google_v6.28.0_x5.exe: X-Content-Type-Options: nosniff
2025-04-03T23:12:49.702+0300 [DEBUG] provider.terraform-provider-google_v6.28.0_x5.exe: X-Frame-Options: SAMEORIGIN
2025-04-03T23:12:49.702+0300 [DEBUG] provider.terraform-provider-google_v6.28.0_x5.exe: X-Xss-Protection: 0
2025-04-03T23:12:49.702+0300 [DEBUG] provider.terraform-provider-google_v6.28.0_x5.exe
2025-04-03T23:12:49.702+0300 [DEBUG] provider.terraform-provider-google_v6.28.0_x5.exe: {
2025-04-03T23:12:49.702+0300 [DEBUG] provider.terraform-provider-google_v6.28.0_x5.exe:   "error": {
2025-04-03T23:12:49.702+0300 [DEBUG] provider.terraform-provider-google_v6.28.0_x5.exe:     "code": 403,
2025-04-03T23:12:49.702+0300 [DEBUG] provider.terraform-provider-google_v6.28.0_x5.exe:     "message": "Permission denied on 'locations/euro-central1' (or it may not exist).",
2025-04-03T23:12:49.702+0300 [DEBUG] provider.terraform-provider-google_v6.28.0_x5.exe:     "errors": [
2025-04-03T23:12:49.702+0300 [DEBUG] provider.terraform-provider-google_v6.28.0_x5.exe:       {
2025-04-03T23:12:49.702+0300 [DEBUG] provider.terraform-provider-google_v6.28.0_x5.exe:         "message": "Permission denied on 'locations/euro-central1' (or it may not exist).",
2025-04-03T23:12:49.702+0300 [DEBUG] provider.terraform-provider-google_v6.28.0_x5.exe:         "domain": "global",
2025-04-03T23:12:49.702+0300 [DEBUG] provider.terraform-provider-google_v6.28.0_x5.exe:         "reason": "forbidden"
2025-04-03T23:12:49.702+0300 [DEBUG] provider.terraform-provider-google_v6.28.0_x5.exe:       }
2025-04-03T23:12:49.702+0300 [DEBUG] provider.terraform-provider-google_v6.28.0_x5.exe:     ],
2025-04-03T23:12:49.702+0300 [DEBUG] provider.terraform-provider-google_v6.28.0_x5.exe:     "status": "PERMISSION_DENIED",
2025-04-03T23:12:49.702+0300 [DEBUG] provider.terraform-provider-google_v6.28.0_x5.exe:     "details": [
2025-04-03T23:12:49.702+0300 [DEBUG] provider.terraform-provider-google_v6.28.0_x5.exe:       {
2025-04-03T23:12:49.702+0300 [DEBUG] provider.terraform-provider-google_v6.28.0_x5.exe:         "@type": "type.googleapis.com/google.rpc.ErrorInfo",
2025-04-03T23:12:49.702+0300 [DEBUG] provider.terraform-provider-google_v6.28.0_x5.exe:         "reason": "LOCATION_POLICY_VIOLATED",
2025-04-03T23:12:49.702+0300 [DEBUG] provider.terraform-provider-google_v6.28.0_x5.exe:         "domain": "googleapis.com",
2025-04-03T23:12:49.702+0300 [DEBUG] provider.terraform-provider-google_v6.28.0_x5.exe:         "metadata": {
2025-04-03T23:12:49.702+0300 [DEBUG] provider.terraform-provider-google_v6.28.0_x5.exe:           "consumer": "projects/api-project-269968866265",
2025-04-03T23:12:49.702+0300 [DEBUG] provider.terraform-provider-google_v6.28.0_x5.exe:           "location": "euro-central1",
2025-04-03T23:12:49.702+0300 [DEBUG] provider.terraform-provider-google_v6.28.0_x5.exe:           "service": "compute.googleapis.com"
2025-04-03T23:12:49.702+0300 [DEBUG] provider.terraform-provider-google_v6.28.0_x5.exe:         }
2025-04-03T23:12:49.702+0300 [DEBUG] provider.terraform-provider-google_v6.28.0_x5.exe:       },
2025-04-03T23:12:49.702+0300 [DEBUG] provider.terraform-provider-google_v6.28.0_x5.exe:       {
2025-04-03T23:12:49.702+0300 [DEBUG] provider.terraform-provider-google_v6.28.0_x5.exe:         "@type": "type.googleapis.com/google.rpc.LocalizedMessage",
2025-04-03T23:12:49.702+0300 [DEBUG] provider.terraform-provider-google_v6.28.0_x5.exe:         "locale": "en-US",
2025-04-03T23:12:49.702+0300 [DEBUG] provider.terraform-provider-google_v6.28.0_x5.exe:         "message": "Permission denied on 'locations/euro-central1' (or it may not exist)."
2025-04-03T23:12:49.702+0300 [DEBUG] provider.terraform-provider-google_v6.28.0_x5.exe:       }
2025-04-03T23:12:49.702+0300 [DEBUG] provider.terraform-provider-google_v6.28.0_x5.exe:     ]
2025-04-03T23:12:49.702+0300 [DEBUG] provider.terraform-provider-google_v6.28.0_x5.exe:   }
2025-04-03T23:12:49.702+0300 [DEBUG] provider.terraform-provider-google_v6.28.0_x5.exe: }
2025-04-03T23:12:49.702+0300 [DEBUG] provider.terraform-provider-google_v6.28.0_x5.exe
2025-04-03T23:12:49.702+0300 [DEBUG] provider.terraform-provider-google_v6.28.0_x5.exe: -----------------------------------------------------
2025-04-03T23:12:49.702+0300 [DEBUG] provider.terraform-provider-google_v6.28.0_x5.exe: 2025/04/03 23:12:49 [DEBUG] Retry Transport: Stopping retries, last request failed with non-retryable error: googleapi: got HTTP response code 403 with body: HTTP/2.0 403 Forbidden
2025-04-03T23:12:49.702+0300 [DEBUG] provider.terraform-provider-google_v6.28.0_x5.exe: Alt-Svc: h3=":443"; ma=2592000,h3-29=":443"; ma=2592000
2025-04-03T23:12:49.702+0300 [DEBUG] provider.terraform-provider-google_v6.28.0_x5.exe: Content-Type: application/json; charset=UTF-8
2025-04-03T23:12:49.702+0300 [DEBUG] provider.terraform-provider-google_v6.28.0_x5.exe: Date: Thu, 03 Apr 2025 20:12:49 GMT
2025-04-03T23:12:49.702+0300 [DEBUG] provider.terraform-provider-google_v6.28.0_x5.exe: Server: ESF
2025-04-03T23:12:49.702+0300 [DEBUG] provider.terraform-provider-google_v6.28.0_x5.exe: Vary: Origin
2025-04-03T23:12:49.702+0300 [DEBUG] provider.terraform-provider-google_v6.28.0_x5.exe: Vary: X-Origin
2025-04-03T23:12:49.702+0300 [DEBUG] provider.terraform-provider-google_v6.28.0_x5.exe: Vary: Referer
2025-04-03T23:12:49.702+0300 [DEBUG] provider.terraform-provider-google_v6.28.0_x5.exe: X-Content-Type-Options: nosniff
2025-04-03T23:12:49.702+0300 [DEBUG] provider.terraform-provider-google_v6.28.0_x5.exe: X-Frame-Options: SAMEORIGIN
2025-04-03T23:12:49.702+0300 [DEBUG] provider.terraform-provider-google_v6.28.0_x5.exe: X-Xss-Protection: 0
2025-04-03T23:12:49.702+0300 [DEBUG] provider.terraform-provider-google_v6.28.0_x5.exe
2025-04-03T23:12:49.702+0300 [DEBUG] provider.terraform-provider-google_v6.28.0_x5.exe: {
2025-04-03T23:12:49.702+0300 [DEBUG] provider.terraform-provider-google_v6.28.0_x5.exe:   "error": {
2025-04-03T23:12:49.702+0300 [DEBUG] provider.terraform-provider-google_v6.28.0_x5.exe:     "code": 403,
2025-04-03T23:12:49.702+0300 [DEBUG] provider.terraform-provider-google_v6.28.0_x5.exe:     "message": "Permission denied on 'locations/euro-central1' (or it may not exist).",
2025-04-03T23:12:49.702+0300 [DEBUG] provider.terraform-provider-google_v6.28.0_x5.exe:     "errors": [
2025-04-03T23:12:49.702+0300 [DEBUG] provider.terraform-provider-google_v6.28.0_x5.exe:       {
2025-04-03T23:12:49.702+0300 [DEBUG] provider.terraform-provider-google_v6.28.0_x5.exe:         "message": "Permission denied on 'locations/euro-central1' (or it may not exist).",
2025-04-03T23:12:49.702+0300 [DEBUG] provider.terraform-provider-google_v6.28.0_x5.exe:         "domain": "global",
2025-04-03T23:12:49.702+0300 [DEBUG] provider.terraform-provider-google_v6.28.0_x5.exe:         "reason": "forbidden"
2025-04-03T23:12:49.702+0300 [DEBUG] provider.terraform-provider-google_v6.28.0_x5.exe:       }
2025-04-03T23:12:49.702+0300 [DEBUG] provider.terraform-provider-google_v6.28.0_x5.exe:     ],
2025-04-03T23:12:49.702+0300 [DEBUG] provider.terraform-provider-google_v6.28.0_x5.exe:     "status": "PERMISSION_DENIED",
2025-04-03T23:12:49.702+0300 [DEBUG] provider.terraform-provider-google_v6.28.0_x5.exe:     "details": [
2025-04-03T23:12:49.702+0300 [DEBUG] provider.terraform-provider-google_v6.28.0_x5.exe:       {
2025-04-03T23:12:49.702+0300 [DEBUG] provider.terraform-provider-google_v6.28.0_x5.exe:         "@type": "type.googleapis.com/google.rpc.ErrorInfo",
2025-04-03T23:12:49.702+0300 [DEBUG] provider.terraform-provider-google_v6.28.0_x5.exe:         "reason": "LOCATION_POLICY_VIOLATED",
2025-04-03T23:12:49.702+0300 [DEBUG] provider.terraform-provider-google_v6.28.0_x5.exe:         "domain": "googleapis.com",
2025-04-03T23:12:49.702+0300 [DEBUG] provider.terraform-provider-google_v6.28.0_x5.exe:         "metadata": {
2025-04-03T23:12:49.702+0300 [DEBUG] provider.terraform-provider-google_v6.28.0_x5.exe:           "consumer": "projects/api-project-269968866265",
2025-04-03T23:12:49.702+0300 [DEBUG] provider.terraform-provider-google_v6.28.0_x5.exe:           "location": "euro-central1",
2025-04-03T23:12:49.702+0300 [DEBUG] provider.terraform-provider-google_v6.28.0_x5.exe:           "service": "compute.googleapis.com"
2025-04-03T23:12:49.702+0300 [DEBUG] provider.terraform-provider-google_v6.28.0_x5.exe:         }
2025-04-03T23:12:49.702+0300 [DEBUG] provider.terraform-provider-google_v6.28.0_x5.exe:       },
2025-04-03T23:12:49.702+0300 [DEBUG] provider.terraform-provider-google_v6.28.0_x5.exe:       {
2025-04-03T23:12:49.702+0300 [DEBUG] provider.terraform-provider-google_v6.28.0_x5.exe:         "@type": "type.googleapis.com/google.rpc.LocalizedMessage",
2025-04-03T23:12:49.702+0300 [DEBUG] provider.terraform-provider-google_v6.28.0_x5.exe:         "locale": "en-US",
2025-04-03T23:12:49.702+0300 [DEBUG] provider.terraform-provider-google_v6.28.0_x5.exe:         "message": "Permission denied on 'locations/euro-central1' (or it may not exist)."
2025-04-03T23:12:49.702+0300 [DEBUG] provider.terraform-provider-google_v6.28.0_x5.exe:       }
2025-04-03T23:12:49.702+0300 [DEBUG] provider.terraform-provider-google_v6.28.0_x5.exe:     ]
2025-04-03T23:12:49.702+0300 [DEBUG] provider.terraform-provider-google_v6.28.0_x5.exe:   }
2025-04-03T23:12:49.702+0300 [DEBUG] provider.terraform-provider-google_v6.28.0_x5.exe: }
2025-04-03T23:12:49.702+0300 [DEBUG] provider.terraform-provider-google_v6.28.0_x5.exe: 2025/04/03 23:12:49 [DEBUG] Retry Transport: Returning after 1 attempts
2025-04-03T23:12:49.702+0300 [ERROR] provider.terraform-provider-google_v6.28.0_x5.exe: Response contains error diagnostic: diagnostic_severity=ERROR tf_req_id=59008808-8298-ead2-ddb5-6603e15343ae @module=sdk.proto diagnostic_detail=""
  diagnostic_summary=
  | Error creating Subnetwork: googleapi: Error 403: Permission denied on 'locations/euro-central1' (or it may not exist).
  | Details:
  | [
  |   {
  |     "@type": "type.googleapis.com/google.rpc.ErrorInfo",
  |     "domain": "googleapis.com",
  |     "metadata": {
  |       "consumer": "projects/api-project-269968866265",
  |       "location": "euro-central1",
  |       "service": "compute.googleapis.com"
  |     },
  |     "reason": "LOCATION_POLICY_VIOLATED"
  |   },
  |   {
  |     "@type": "type.googleapis.com/google.rpc.LocalizedMessage",
  |     "locale": "en-US",
  |     "message": "Permission denied on 'locations/euro-central1' (or it may not exist)."
  |   }
  | ]
  | , forbidden
   tf_proto_version=5.8 tf_provider_addr=registry.terraform.io/hashicorp/google tf_resource_type=google_compute_subnetwork @caller=github.com/hashicorp/terraform-plugin-go@v0.26.0/tfprotov5/internal/diag/diagnostics.go:58 tf_rpc=ApplyResourceChange timestamp="2025-04-03T23:12:49.702+0300"
2025-04-03T23:12:49.730+0300 [DEBUG] State storage *statemgr.Filesystem declined to persist a state snapshot
2025-04-03T23:12:49.731+0300 [ERROR] vertex "google_compute_subnetwork.private_subnet" error: Error creating Subnetwork: googleapi: Error 403: Permission denied on 'locations/euro-central1' (or it may not exist).
Details:
[
  {
    "@type": "type.googleapis.com/google.rpc.ErrorInfo",
    "domain": "googleapis.com",
    "metadata": {
      "consumer": "projects/api-project-269968866265",
      "location": "euro-central1",
      "service": "compute.googleapis.com"
    },
    "reason": "LOCATION_POLICY_VIOLATED"
  },
  {
    "@type": "type.googleapis.com/google.rpc.LocalizedMessage",
    "locale": "en-US",
    "message": "Permission denied on 'locations/euro-central1' (or it may not exist)."
  }
]
, forbidden
2025-04-03T23:12:49.732+0300 [DEBUG] State storage *statemgr.Filesystem declined to persist a state snapshot
2025-04-03T23:12:49.732+0300 [ERROR] vertex "google_compute_subnetwork.public_subnet" error: Error creating Subnetwork: googleapi: Error 403: Permission denied on 'locations/euro-central1' (or it may not exist).
Details:
[
  {
    "@type": "type.googleapis.com/google.rpc.ErrorInfo",
    "domain": "googleapis.com",
    "metadata": {
      "consumer": "projects/api-project-269968866265",
      "location": "euro-central1",
      "service": "compute.googleapis.com"
    },
    "reason": "LOCATION_POLICY_VIOLATED"
  },
  {
    "@type": "type.googleapis.com/google.rpc.LocalizedMessage",
    "locale": "en-US",
    "message": "Permission denied on 'locations/euro-central1' (or it may not exist)."
  }
]
, forbidden
2025-04-03T23:12:49.869+0300 [DEBUG] provider.terraform-provider-google_v6.28.0_x5.exe: 2025/04/03 23:12:49 [DEBUG] Google API Response Details:
2025-04-03T23:12:49.869+0300 [DEBUG] provider.terraform-provider-google_v6.28.0_x5.exe: ---[ RESPONSE ]--------------------------------------
2025-04-03T23:12:49.869+0300 [DEBUG] provider.terraform-provider-google_v6.28.0_x5.exe: HTTP/2.0 403 Forbidden
2025-04-03T23:12:49.869+0300 [DEBUG] provider.terraform-provider-google_v6.28.0_x5.exe: Alt-Svc: h3=":443"; ma=2592000,h3-29=":443"; ma=2592000
2025-04-03T23:12:49.869+0300 [DEBUG] provider.terraform-provider-google_v6.28.0_x5.exe: Content-Type: application/json; charset=UTF-8
2025-04-03T23:12:49.869+0300 [DEBUG] provider.terraform-provider-google_v6.28.0_x5.exe: Date: Thu, 03 Apr 2025 20:12:49 GMT
2025-04-03T23:12:49.869+0300 [DEBUG] provider.terraform-provider-google_v6.28.0_x5.exe: Server: ESF
2025-04-03T23:12:49.869+0300 [DEBUG] provider.terraform-provider-google_v6.28.0_x5.exe: Vary: Origin
2025-04-03T23:12:49.869+0300 [DEBUG] provider.terraform-provider-google_v6.28.0_x5.exe: Vary: X-Origin
2025-04-03T23:12:49.869+0300 [DEBUG] provider.terraform-provider-google_v6.28.0_x5.exe: Vary: Referer
2025-04-03T23:12:49.869+0300 [DEBUG] provider.terraform-provider-google_v6.28.0_x5.exe: X-Content-Type-Options: nosniff
2025-04-03T23:12:49.869+0300 [DEBUG] provider.terraform-provider-google_v6.28.0_x5.exe: X-Frame-Options: SAMEORIGIN
2025-04-03T23:12:49.869+0300 [DEBUG] provider.terraform-provider-google_v6.28.0_x5.exe: X-Xss-Protection: 0
2025-04-03T23:12:49.869+0300 [DEBUG] provider.terraform-provider-google_v6.28.0_x5.exe
2025-04-03T23:12:49.869+0300 [DEBUG] provider.terraform-provider-google_v6.28.0_x5.exe: {
2025-04-03T23:12:49.869+0300 [DEBUG] provider.terraform-provider-google_v6.28.0_x5.exe:   "error": {
2025-04-03T23:12:49.869+0300 [DEBUG] provider.terraform-provider-google_v6.28.0_x5.exe:     "code": 403,
2025-04-03T23:12:49.869+0300 [DEBUG] provider.terraform-provider-google_v6.28.0_x5.exe:     "message": "Permission denied on 'locations/euro-central1' (or it may not exist).",
2025-04-03T23:12:49.869+0300 [DEBUG] provider.terraform-provider-google_v6.28.0_x5.exe:     "errors": [
2025-04-03T23:12:49.869+0300 [DEBUG] provider.terraform-provider-google_v6.28.0_x5.exe:       {
2025-04-03T23:12:49.869+0300 [DEBUG] provider.terraform-provider-google_v6.28.0_x5.exe:         "message": "Permission denied on 'locations/euro-central1' (or it may not exist).",
2025-04-03T23:12:49.869+0300 [DEBUG] provider.terraform-provider-google_v6.28.0_x5.exe:         "domain": "global",
2025-04-03T23:12:49.869+0300 [DEBUG] provider.terraform-provider-google_v6.28.0_x5.exe:         "reason": "forbidden"
2025-04-03T23:12:49.869+0300 [DEBUG] provider.terraform-provider-google_v6.28.0_x5.exe:       }
2025-04-03T23:12:49.869+0300 [DEBUG] provider.terraform-provider-google_v6.28.0_x5.exe:     ],
2025-04-03T23:12:49.869+0300 [DEBUG] provider.terraform-provider-google_v6.28.0_x5.exe:     "status": "PERMISSION_DENIED",
2025-04-03T23:12:49.869+0300 [DEBUG] provider.terraform-provider-google_v6.28.0_x5.exe:     "details": [
2025-04-03T23:12:49.869+0300 [DEBUG] provider.terraform-provider-google_v6.28.0_x5.exe:       {
2025-04-03T23:12:49.869+0300 [DEBUG] provider.terraform-provider-google_v6.28.0_x5.exe:         "@type": "type.googleapis.com/google.rpc.ErrorInfo",
2025-04-03T23:12:49.869+0300 [DEBUG] provider.terraform-provider-google_v6.28.0_x5.exe:         "reason": "LOCATION_POLICY_VIOLATED",
2025-04-03T23:12:49.869+0300 [DEBUG] provider.terraform-provider-google_v6.28.0_x5.exe:         "domain": "googleapis.com",
2025-04-03T23:12:49.869+0300 [DEBUG] provider.terraform-provider-google_v6.28.0_x5.exe:         "metadata": {
2025-04-03T23:12:49.869+0300 [DEBUG] provider.terraform-provider-google_v6.28.0_x5.exe:           "location": "euro-central1",
2025-04-03T23:12:49.869+0300 [DEBUG] provider.terraform-provider-google_v6.28.0_x5.exe:           "service": "compute.googleapis.com",
2025-04-03T23:12:49.869+0300 [DEBUG] provider.terraform-provider-google_v6.28.0_x5.exe:           "consumer": "projects/api-project-269968866265"
2025-04-03T23:12:49.869+0300 [DEBUG] provider.terraform-provider-google_v6.28.0_x5.exe:         }
2025-04-03T23:12:49.869+0300 [DEBUG] provider.terraform-provider-google_v6.28.0_x5.exe:       },
2025-04-03T23:12:49.869+0300 [DEBUG] provider.terraform-provider-google_v6.28.0_x5.exe:       {
2025-04-03T23:12:49.869+0300 [DEBUG] provider.terraform-provider-google_v6.28.0_x5.exe:         "@type": "type.googleapis.com/google.rpc.LocalizedMessage",
2025-04-03T23:12:49.869+0300 [DEBUG] provider.terraform-provider-google_v6.28.0_x5.exe:         "locale": "en-US",
2025-04-03T23:12:49.869+0300 [DEBUG] provider.terraform-provider-google_v6.28.0_x5.exe:         "message": "Permission denied on 'locations/euro-central1' (or it may not exist)."
2025-04-03T23:12:49.869+0300 [DEBUG] provider.terraform-provider-google_v6.28.0_x5.exe:       }
2025-04-03T23:12:49.869+0300 [DEBUG] provider.terraform-provider-google_v6.28.0_x5.exe:     ]
2025-04-03T23:12:49.869+0300 [DEBUG] provider.terraform-provider-google_v6.28.0_x5.exe:   }
2025-04-03T23:12:49.869+0300 [DEBUG] provider.terraform-provider-google_v6.28.0_x5.exe: }
2025-04-03T23:12:49.869+0300 [DEBUG] provider.terraform-provider-google_v6.28.0_x5.exe
2025-04-03T23:12:49.869+0300 [DEBUG] provider.terraform-provider-google_v6.28.0_x5.exe: -----------------------------------------------------
2025-04-03T23:12:49.869+0300 [DEBUG] provider.terraform-provider-google_v6.28.0_x5.exe: 2025/04/03 23:12:49 [DEBUG] Retry Transport: Stopping retries, last request failed with non-retryable error: googleapi: got HTTP response code 403 with body: HTTP/2.0 403 Forbidden
2025-04-03T23:12:49.870+0300 [DEBUG] provider.terraform-provider-google_v6.28.0_x5.exe: Alt-Svc: h3=":443"; ma=2592000,h3-29=":443"; ma=2592000
2025-04-03T23:12:49.870+0300 [DEBUG] provider.terraform-provider-google_v6.28.0_x5.exe: Content-Type: application/json; charset=UTF-8
2025-04-03T23:12:49.870+0300 [DEBUG] provider.terraform-provider-google_v6.28.0_x5.exe: Date: Thu, 03 Apr 2025 20:12:49 GMT
2025-04-03T23:12:49.870+0300 [DEBUG] provider.terraform-provider-google_v6.28.0_x5.exe: Server: ESF
2025-04-03T23:12:49.870+0300 [DEBUG] provider.terraform-provider-google_v6.28.0_x5.exe: Vary: Origin
2025-04-03T23:12:49.870+0300 [DEBUG] provider.terraform-provider-google_v6.28.0_x5.exe: Vary: X-Origin
2025-04-03T23:12:49.870+0300 [DEBUG] provider.terraform-provider-google_v6.28.0_x5.exe: Vary: Referer
2025-04-03T23:12:49.870+0300 [DEBUG] provider.terraform-provider-google_v6.28.0_x5.exe: X-Content-Type-Options: nosniff
2025-04-03T23:12:49.870+0300 [DEBUG] provider.terraform-provider-google_v6.28.0_x5.exe: X-Frame-Options: SAMEORIGIN
2025-04-03T23:12:49.870+0300 [DEBUG] provider.terraform-provider-google_v6.28.0_x5.exe: X-Xss-Protection: 0
2025-04-03T23:12:49.870+0300 [DEBUG] provider.terraform-provider-google_v6.28.0_x5.exe
2025-04-03T23:12:49.870+0300 [DEBUG] provider.terraform-provider-google_v6.28.0_x5.exe: {
2025-04-03T23:12:49.870+0300 [DEBUG] provider.terraform-provider-google_v6.28.0_x5.exe:   "error": {
2025-04-03T23:12:49.870+0300 [DEBUG] provider.terraform-provider-google_v6.28.0_x5.exe:     "code": 403,
2025-04-03T23:12:49.870+0300 [DEBUG] provider.terraform-provider-google_v6.28.0_x5.exe:     "message": "Permission denied on 'locations/euro-central1' (or it may not exist).",
2025-04-03T23:12:49.870+0300 [DEBUG] provider.terraform-provider-google_v6.28.0_x5.exe:     "errors": [
2025-04-03T23:12:49.870+0300 [DEBUG] provider.terraform-provider-google_v6.28.0_x5.exe:       {
2025-04-03T23:12:49.870+0300 [DEBUG] provider.terraform-provider-google_v6.28.0_x5.exe:         "message": "Permission denied on 'locations/euro-central1' (or it may not exist).",
2025-04-03T23:12:49.870+0300 [DEBUG] provider.terraform-provider-google_v6.28.0_x5.exe:         "domain": "global",
2025-04-03T23:12:49.870+0300 [DEBUG] provider.terraform-provider-google_v6.28.0_x5.exe:         "reason": "forbidden"
2025-04-03T23:12:49.870+0300 [DEBUG] provider.terraform-provider-google_v6.28.0_x5.exe:       }
2025-04-03T23:12:49.870+0300 [DEBUG] provider.terraform-provider-google_v6.28.0_x5.exe:     ],
2025-04-03T23:12:49.870+0300 [DEBUG] provider.terraform-provider-google_v6.28.0_x5.exe:     "status": "PERMISSION_DENIED",
2025-04-03T23:12:49.870+0300 [DEBUG] provider.terraform-provider-google_v6.28.0_x5.exe:     "details": [
2025-04-03T23:12:49.870+0300 [DEBUG] provider.terraform-provider-google_v6.28.0_x5.exe:       {
2025-04-03T23:12:49.870+0300 [DEBUG] provider.terraform-provider-google_v6.28.0_x5.exe:         "@type": "type.googleapis.com/google.rpc.ErrorInfo",
2025-04-03T23:12:49.870+0300 [DEBUG] provider.terraform-provider-google_v6.28.0_x5.exe:         "reason": "LOCATION_POLICY_VIOLATED",
2025-04-03T23:12:49.870+0300 [DEBUG] provider.terraform-provider-google_v6.28.0_x5.exe:         "domain": "googleapis.com",
2025-04-03T23:12:49.870+0300 [DEBUG] provider.terraform-provider-google_v6.28.0_x5.exe:         "metadata": {
2025-04-03T23:12:49.870+0300 [DEBUG] provider.terraform-provider-google_v6.28.0_x5.exe:           "location": "euro-central1",
2025-04-03T23:12:49.870+0300 [DEBUG] provider.terraform-provider-google_v6.28.0_x5.exe:           "service": "compute.googleapis.com",
2025-04-03T23:12:49.870+0300 [DEBUG] provider.terraform-provider-google_v6.28.0_x5.exe:           "consumer": "projects/api-project-269968866265"
2025-04-03T23:12:49.870+0300 [DEBUG] provider.terraform-provider-google_v6.28.0_x5.exe:         }
2025-04-03T23:12:49.870+0300 [DEBUG] provider.terraform-provider-google_v6.28.0_x5.exe:       },
2025-04-03T23:12:49.870+0300 [DEBUG] provider.terraform-provider-google_v6.28.0_x5.exe:       {
2025-04-03T23:12:49.870+0300 [DEBUG] provider.terraform-provider-google_v6.28.0_x5.exe:         "@type": "type.googleapis.com/google.rpc.LocalizedMessage",
2025-04-03T23:12:49.870+0300 [DEBUG] provider.terraform-provider-google_v6.28.0_x5.exe:         "locale": "en-US",
2025-04-03T23:12:49.870+0300 [DEBUG] provider.terraform-provider-google_v6.28.0_x5.exe:         "message": "Permission denied on 'locations/euro-central1' (or it may not exist)."
2025-04-03T23:12:49.870+0300 [DEBUG] provider.terraform-provider-google_v6.28.0_x5.exe:       }
2025-04-03T23:12:49.870+0300 [DEBUG] provider.terraform-provider-google_v6.28.0_x5.exe:     ]
2025-04-03T23:12:49.870+0300 [DEBUG] provider.terraform-provider-google_v6.28.0_x5.exe:   }
2025-04-03T23:12:49.870+0300 [DEBUG] provider.terraform-provider-google_v6.28.0_x5.exe: }
2025-04-03T23:12:49.871+0300 [DEBUG] provider.terraform-provider-google_v6.28.0_x5.exe: 2025/04/03 23:12:49 [DEBUG] Retry Transport: Returning after 1 attempts
2025-04-03T23:12:49.871+0300 [DEBUG] provider.terraform-provider-google_v6.28.0_x5.exe: 2025/04/03 23:12:49 [DEBUG] Unlocking "router/euro-central1/nat-router"
2025-04-03T23:12:49.871+0300 [DEBUG] provider.terraform-provider-google_v6.28.0_x5.exe: 2025/04/03 23:12:49 [DEBUG] Unlocked "router/euro-central1/nat-router"
2025-04-03T23:12:49.871+0300 [ERROR] provider.terraform-provider-google_v6.28.0_x5.exe: Response contains error diagnostic: @module=sdk.proto diagnostic_severity=ERROR
  diagnostic_summary=
  | Error creating Router: googleapi: Error 403: Permission denied on 'locations/euro-central1' (or it may not exist).
  | Details:
  | [
  |   {
  |     "@type": "type.googleapis.com/google.rpc.ErrorInfo",
  |     "domain": "googleapis.com",
  |     "metadata": {
  |       "consumer": "projects/api-project-269968866265",
  |       "location": "euro-central1",
  |       "service": "compute.googleapis.com"
  |     },
  |     "reason": "LOCATION_POLICY_VIOLATED"
  |   },
  |   {
  |     "@type": "type.googleapis.com/google.rpc.LocalizedMessage",
  |     "locale": "en-US",
  |     "message": "Permission denied on 'locations/euro-central1' (or it may not exist)."
  |   }
  | ]
  | , forbidden
   tf_provider_addr=registry.terraform.io/hashicorp/google tf_req_id=a33dfe48-7e2c-3694-1d47-5577b20afa24 tf_resource_type=google_compute_router tf_rpc=ApplyResourceChange diagnostic_detail="" tf_proto_version=5.8 @caller=github.com/hashicorp/terraform-plugin-go@v0.26.0/tfprotov5/internal/diag/diagnostics.go:58 timestamp="2025-04-03T23:12:49.869+0300"
2025-04-03T23:12:49.878+0300 [DEBUG] State storage *statemgr.Filesystem declined to persist a state snapshot
2025-04-03T23:12:49.878+0300 [ERROR] vertex "google_compute_router.nat_router" error: Error creating Router: googleapi: Error 403: Permission denied on 'locations/euro-central1' (or it may not exist).
Details:
[
  {
    "@type": "type.googleapis.com/google.rpc.ErrorInfo",
    "domain": "googleapis.com",
    "metadata": {
      "consumer": "projects/api-project-269968866265",
      "location": "euro-central1",
      "service": "compute.googleapis.com"
    },
    "reason": "LOCATION_POLICY_VIOLATED"
  },
  {
    "@type": "type.googleapis.com/google.rpc.LocalizedMessage",
    "locale": "en-US",
    "message": "Permission denied on 'locations/euro-central1' (or it may not exist)."
  }
]
, forbidden
[31m╷[0m[0m
[31m│[0m [0m[1m[31mError: [0m[0m[1mError creating Subnetwork: googleapi: Error 403: Permission denied on 'locations/euro-central1' (or it may not exist).
[31m│[0m [0mDetails:
[31m│[0m [0m[
[31m│[0m [0m  {
[31m│[0m [0m    "@type": "type.googleapis.com/google.rpc.ErrorInfo",
[31m│[0m [0m    "domain": "googleapis.com",
[31m│[0m [0m    "metadata": {
[31m│[0m [0m      "consumer": "projects/api-project-269968866265",
[31m│[0m [0m      "location": "euro-central1",
[31m│[0m [0m      "service": "compute.googleapis.com"
[31m│[0m [0m    },
[31m│[0m [0m    "reason": "LOCATION_POLICY_VIOLATED"
[31m│[0m [0m  },
[31m│[0m [0m  {
[31m│[0m [0m    "@type": "type.googleapis.com/google.rpc.LocalizedMessage",
[31m│[0m [0m    "locale": "en-US",
[31m│[0m [0m    "message": "Permission denied on 'locations/euro-central1' (or it may not exist)."
[31m│[0m [0m  }
[31m│[0m [0m]
[31m│[0m [0m, forbidden[0m
[31m│[0m [0m
[31m│[0m [0m[0m  with google_compute_subnetwork.public_subnet,
[31m│[0m [0m  on vpc.tf line 6, in resource "google_compute_subnetwork" "public_subnet":
[31m│[0m [0m   6: resource "google_compute_subnetwork" "public_subnet" [4m{[0m[0m
[31m│[0m [0m
[31m╵[0m[0m
[31m╷[0m[0m
[31m│[0m [0m[1m[31mError: [0m[0m[1mError creating Subnetwork: googleapi: Error 403: Permission denied on 'locations/euro-central1' (or it may not exist).
[31m│[0m [0mDetails:
[31m│[0m [0m[
[31m│[0m [0m  {
[31m│[0m [0m    "@type": "type.googleapis.com/google.rpc.ErrorInfo",
[31m│[0m [0m    "domain": "googleapis.com",
[31m│[0m [0m    "metadata": {
[31m│[0m [0m      "consumer": "projects/api-project-269968866265",
[31m│[0m [0m      "location": "euro-central1",
[31m│[0m [0m      "service": "compute.googleapis.com"
[31m│[0m [0m    },
[31m│[0m [0m    "reason": "LOCATION_POLICY_VIOLATED"
[31m│[0m [0m  },
[31m│[0m [0m  {
[31m│[0m [0m    "@type": "type.googleapis.com/google.rpc.LocalizedMessage",
[31m│[0m [0m    "locale": "en-US",
[31m│[0m [0m    "message": "Permission denied on 'locations/euro-central1' (or it may not exist)."
[31m│[0m [0m  }
[31m│[0m [0m]
[31m│[0m [0m, forbidden[0m
[31m│[0m [0m
[31m│[0m [0m[0m  with google_compute_subnetwork.private_subnet,
[31m│[0m [0m  on vpc.tf line 13, in resource "google_compute_subnetwork" "private_subnet":
[31m│[0m [0m  13: resource "google_compute_subnetwork" "private_subnet" [4m{[0m[0m
[31m│[0m [0m
[31m╵[0m[0m
[31m╷[0m[0m
[31m│[0m [0m[1m[31mError: [0m[0m[1mError creating Router: googleapi: Error 403: Permission denied on 'locations/euro-central1' (or it may not exist).
[31m│[0m [0mDetails:
[31m│[0m [0m[
[31m│[0m [0m  {
[31m│[0m [0m    "@type": "type.googleapis.com/google.rpc.ErrorInfo",
[31m│[0m [0m    "domain": "googleapis.com",
[31m│[0m [0m    "metadata": {
[31m│[0m [0m      "consumer": "projects/api-project-269968866265",
[31m│[0m [0m      "location": "euro-central1",
[31m│[0m [0m      "service": "compute.googleapis.com"
[31m│[0m [0m    },
[31m│[0m [0m    "reason": "LOCATION_POLICY_VIOLATED"
[31m│[0m [0m  },
[31m│[0m [0m  {
[31m│[0m [0m    "@type": "type.googleapis.com/google.rpc.LocalizedMessage",
[31m│[0m [0m    "locale": "en-US",
[31m│[0m [0m    "message": "Permission denied on 'locations/euro-central1' (or it may not exist)."
[31m│[0m [0m  }
[31m│[0m [0m]
[31m│[0m [0m, forbidden[0m
[31m│[0m [0m
[31m│[0m [0m[0m  with google_compute_router.nat_router,
[31m│[0m [0m  on vpc.tf line 41, in resource "google_compute_router" "nat_router":
[31m│[0m [0m  41: resource "google_compute_router" "nat_router" [4m{[0m[0m
[31m│[0m [0m
[31m╵[0m[0m
2025-04-03T23:12:49.884+0300 [DEBUG] provider.terraform-provider-google_v6.28.0_x5.exe: 2025/04/03 23:12:49 [DEBUG] [transport] [server-transport 0xc000b7c680] Closing: Server.Stop called 
2025-04-03T23:12:49.884+0300 [DEBUG] provider.terraform-provider-google_v6.28.0_x5.exe: 2025/04/03 23:12:49 [DEBUG] [transport] [server-transport 0xc000b7c680] loopyWriter exiting with error: transport closed by client 
2025-04-03T23:12:49.885+0300 [DEBUG] provider.stdio: received EOF, stopping recv loop: err="rpc error: code = Unavailable desc = error reading from server: EOF"
2025-04-03T23:12:49.921+0300 [INFO]  provider: plugin process exited: plugin=.terraform/providers/registry.terraform.io/hashicorp/google/6.28.0/windows_amd64/terraform-provider-google_v6.28.0_x5.exe id=13396
2025-04-03T23:12:49.922+0300 [DEBUG] provider: plugin exited
